// !$*UTF8*$!
{
	archiveVersion = 1;
	classes = {
	};
	objectVersion = 54;
	objects = {

/* Begin PBXBuildFile section */
		C402620925FF3E1D0042AEA5 /* XI.swift in Sources */ = {isa = PBXBuildFile; fileRef = C402620825FF3E1D0042AEA5 /* XI.swift */; };
		C402620A25FF3E1D0042AEA5 /* XI.swift in Sources */ = {isa = PBXBuildFile; fileRef = C402620825FF3E1D0042AEA5 /* XI.swift */; };
		C407EA8625EF98BA009E18E7 /* stderr.swift in Sources */ = {isa = PBXBuildFile; fileRef = C482B9FC25EE8D4D00E51A50 /* stderr.swift */; };
		C40A3AFF25DC01180016EB6D /* main.swift in Sources */ = {isa = PBXBuildFile; fileRef = C40A3AFE25DC01180016EB6D /* main.swift */; };
		C40CD42C25ECD60F003944FA /* Axes.swift in Sources */ = {isa = PBXBuildFile; fileRef = C40CD42B25ECD60F003944FA /* Axes.swift */; };
		C40CD43625ED007A003944FA /* Axes.swift in Sources */ = {isa = PBXBuildFile; fileRef = C40CD42B25ECD60F003944FA /* Axes.swift */; };
		C40CD43A25ED025F003944FA /* Header.swift in Sources */ = {isa = PBXBuildFile; fileRef = C40CD43925ED025F003944FA /* Header.swift */; };
		C40CD43D25ED02BE003944FA /* Header.swift in Sources */ = {isa = PBXBuildFile; fileRef = C40CD43925ED025F003944FA /* Header.swift */; };
		C40CD44125ED2390003944FA /* Plane.swift in Sources */ = {isa = PBXBuildFile; fileRef = C40CD44025ED2390003944FA /* Plane.swift */; };
		C40CD44225ED2390003944FA /* Plane.swift in Sources */ = {isa = PBXBuildFile; fileRef = C40CD44025ED2390003944FA /* Plane.swift */; };
		C422C5C42608D0CC00676912 /* ShowColoursList.swift in Sources */ = {isa = PBXBuildFile; fileRef = C422C5C32608D0CC00676912 /* ShowColoursList.swift */; };
		C422C5CC2608D58500676912 /* ColoursList.swift in Sources */ = {isa = PBXBuildFile; fileRef = C422C5CB2608D58500676912 /* ColoursList.swift */; };
		C424513E25E980A7005BE7DC /* ColumnPlot.swift in Sources */ = {isa = PBXBuildFile; fileRef = C480847B25E4E97300BD0A24 /* ColumnPlot.swift */; };
		C4255F3F25E423A7002DFE80 /* PathCompenent.swift in Sources */ = {isa = PBXBuildFile; fileRef = C4255F3E25E423A7002DFE80 /* PathCompenent.swift */; };
		C4255F4425E428B0002DFE80 /* PathCompenent.swift in Sources */ = {isa = PBXBuildFile; fileRef = C4255F3E25E423A7002DFE80 /* PathCompenent.swift */; };
		C4255F4725E428B5002DFE80 /* SVG.swift in Sources */ = {isa = PBXBuildFile; fileRef = C46A3A7125DE8B4C00F6783A /* SVG.swift */; };
		C42782B52655318E004C3464 /* OptsToGet.swift in Sources */ = {isa = PBXBuildFile; fileRef = C42782B42655318E004C3464 /* OptsToGet.swift */; };
		C42782B62655318E004C3464 /* OptsToGet.swift in Sources */ = {isa = PBXBuildFile; fileRef = C42782B42655318E004C3464 /* OptsToGet.swift */; };
		C42A6E3C261EDBED00784F54 /* Transform.swift in Sources */ = {isa = PBXBuildFile; fileRef = C42A6E3B261EDBED00784F54 /* Transform.swift */; };
		C446E80925F4BAA3007B1A05 /* RowPlot.swift in Sources */ = {isa = PBXBuildFile; fileRef = C446E80825F4BAA3007B1A05 /* RowPlot.swift */; };
		C446E80E25F4BAC1007B1A05 /* RowPlot.swift in Sources */ = {isa = PBXBuildFile; fileRef = C446E80825F4BAA3007B1A05 /* RowPlot.swift */; };
		C446E81225F4BE4B007B1A05 /* PlotCommon.swift in Sources */ = {isa = PBXBuildFile; fileRef = C446E81125F4BE4B007B1A05 /* PlotCommon.swift */; };
		C446E81D25F4E0F7007B1A05 /* PlotCommon.swift in Sources */ = {isa = PBXBuildFile; fileRef = C446E81125F4BE4B007B1A05 /* PlotCommon.swift */; };
		C449F44F25EC1325006C67EB /* Text.swift in Sources */ = {isa = PBXBuildFile; fileRef = C49A7EC825EBCE7300503486 /* Text.swift */; };
		C45053C125F0E865003FC346 /* appinfo.swift in Sources */ = {isa = PBXBuildFile; fileRef = C45053C025F0E865003FC346 /* appinfo.swift */; };
		C4507811263DA32000308C1D /* PointPosition.swift in Sources */ = {isa = PBXBuildFile; fileRef = C4507810263DA32000308C1D /* PointPosition.swift */; };
		C4507812263DA46400308C1D /* PointPosition.swift in Sources */ = {isa = PBXBuildFile; fileRef = C4507810263DA32000308C1D /* PointPosition.swift */; };
		C4507815263E9F9400308C1D /* Int.swift in Sources */ = {isa = PBXBuildFile; fileRef = C4507814263E9F9400308C1D /* Int.swift */; };
		C4507817263E9FED00308C1D /* Double.swift in Sources */ = {isa = PBXBuildFile; fileRef = C4507816263E9FED00308C1D /* Double.swift */; };
		C4507819263EA08300308C1D /* OptionSet.swift in Sources */ = {isa = PBXBuildFile; fileRef = C4507818263EA08300308C1D /* OptionSet.swift */; };
		C450781B263EA0ED00308C1D /* CGPoint.swift in Sources */ = {isa = PBXBuildFile; fileRef = C450781A263EA0ED00308C1D /* CGPoint.swift */; };
		C450781C263EA0ED00308C1D /* CGPoint.swift in Sources */ = {isa = PBXBuildFile; fileRef = C450781A263EA0ED00308C1D /* CGPoint.swift */; };
		C450781D263EB3CF00308C1D /* Double.swift in Sources */ = {isa = PBXBuildFile; fileRef = C4507816263E9FED00308C1D /* Double.swift */; };
		C450781E263EB3E000308C1D /* Int.swift in Sources */ = {isa = PBXBuildFile; fileRef = C4507814263E9F9400308C1D /* Int.swift */; };
		C450781F263EB3E800308C1D /* OptionSet.swift in Sources */ = {isa = PBXBuildFile; fileRef = C4507818263EA08300308C1D /* OptionSet.swift */; };
		C4507820263EB3EE00308C1D /* Other.swift in Sources */ = {isa = PBXBuildFile; fileRef = C453242B25FA5D99007D741C /* Other.swift */; };
		C45323CB25F77F01007D741C /* ReflectedStringConvertable.swift in Sources */ = {isa = PBXBuildFile; fileRef = C45323CA25F77F01007D741C /* ReflectedStringConvertable.swift */; };
		C45323D425F7C6D6007D741C /* ReflectedStringConvertable.swift in Sources */ = {isa = PBXBuildFile; fileRef = C45323CA25F77F01007D741C /* ReflectedStringConvertable.swift */; };
		C45323E625F8CCC8007D741C /* Readlines.swift in Sources */ = {isa = PBXBuildFile; fileRef = C45323E525F8CCC8007D741C /* Readlines.swift */; };
		C45323E725F8CCC8007D741C /* Readlines.swift in Sources */ = {isa = PBXBuildFile; fileRef = C45323E525F8CCC8007D741C /* Readlines.swift */; };
		C45323ED25F8EF0D007D741C /* Gen.swift in Sources */ = {isa = PBXBuildFile; fileRef = C45323EC25F8EF0D007D741C /* Gen.swift */; };
		C45323EE25F8EF0D007D741C /* Gen.swift in Sources */ = {isa = PBXBuildFile; fileRef = C45323EC25F8EF0D007D741C /* Gen.swift */; };
		C45323F225F8F157007D741C /* Horizontal.swift in Sources */ = {isa = PBXBuildFile; fileRef = C45323F125F8F157007D741C /* Horizontal.swift */; };
		C45323F325F8F157007D741C /* Horizontal.swift in Sources */ = {isa = PBXBuildFile; fileRef = C45323F125F8F157007D741C /* Horizontal.swift */; };
		C45323FB25F90359007D741C /* PlotInfo.swift in Sources */ = {isa = PBXBuildFile; fileRef = C45323FA25F90359007D741C /* PlotInfo.swift */; };
		C45323FC25F90359007D741C /* PlotInfo.swift in Sources */ = {isa = PBXBuildFile; fileRef = C45323FA25F90359007D741C /* PlotInfo.swift */; };
		C453242525FA2C23007D741C /* DrawShapes.swift in Sources */ = {isa = PBXBuildFile; fileRef = C453242425FA2C23007D741C /* DrawShapes.swift */; };
		C453242625FA2C23007D741C /* DrawShapes.swift in Sources */ = {isa = PBXBuildFile; fileRef = C453242425FA2C23007D741C /* DrawShapes.swift */; };
		C453242C25FA5D99007D741C /* Other.swift in Sources */ = {isa = PBXBuildFile; fileRef = C453242B25FA5D99007D741C /* Other.swift */; };
		C453243825FA7968007D741C /* Shapes.swift in Sources */ = {isa = PBXBuildFile; fileRef = C453243725FA7968007D741C /* Shapes.swift */; };
		C453243925FA7968007D741C /* Shapes.swift in Sources */ = {isa = PBXBuildFile; fileRef = C453243725FA7968007D741C /* Shapes.swift */; };
		C453244D25FBEBA6007D741C /* ShowShape.swift in Sources */ = {isa = PBXBuildFile; fileRef = C453244C25FBEBA6007D741C /* ShowShape.swift */; };
		C453244E25FBEBA6007D741C /* ShowShape.swift in Sources */ = {isa = PBXBuildFile; fileRef = C453244C25FBEBA6007D741C /* ShowShape.swift */; };
		C4569DA92651369900D74DBD /* OptGetter.swift in Sources */ = {isa = PBXBuildFile; fileRef = C4569DA82651369900D74DBD /* OptGetter.swift */; };
		C4569DAB2651760400D74DBD /* OptConvertor.swift in Sources */ = {isa = PBXBuildFile; fileRef = C4569DAA2651760400D74DBD /* OptConvertor.swift */; };
		C4569DAC2651760400D74DBD /* OptConvertor.swift in Sources */ = {isa = PBXBuildFile; fileRef = C4569DAA2651760400D74DBD /* OptConvertor.swift */; };
		C4569DAE265177DC00D74DBD /* OptionsGet.swift in Sources */ = {isa = PBXBuildFile; fileRef = C4569DAD265177DC00D74DBD /* OptionsGet.swift */; };
		C4569DAF265177DC00D74DBD /* OptionsGet.swift in Sources */ = {isa = PBXBuildFile; fileRef = C4569DAD265177DC00D74DBD /* OptionsGet.swift */; };
		C4569DB1265180B200D74DBD /* help.swift in Sources */ = {isa = PBXBuildFile; fileRef = C4569DB0265180B200D74DBD /* help.swift */; };
		C4569DB2265180B200D74DBD /* help.swift in Sources */ = {isa = PBXBuildFile; fileRef = C4569DB0265180B200D74DBD /* help.swift */; };
		C4569DB326523C0100D74DBD /* Options.swift in Sources */ = {isa = PBXBuildFile; fileRef = C4FE49FE25F6440F0076EF5E /* Options.swift */; };
		C4569DB526523C0D00D74DBD /* OptGetter.swift in Sources */ = {isa = PBXBuildFile; fileRef = C4569DA82651369900D74DBD /* OptGetter.swift */; };
		C4569DB626523C1A00D74DBD /* Commands.swift in Sources */ = {isa = PBXBuildFile; fileRef = C4EFA4B026202C600026BD9A /* Commands.swift */; };
		C4569DB826523C6600D74DBD /* OptGetter in Frameworks */ = {isa = PBXBuildFile; productRef = C4569DB726523C6600D74DBD /* OptGetter */; };
		C45E3269265A8A6200F15354 /* List.swift in Sources */ = {isa = PBXBuildFile; fileRef = C45E3268265A8A6200F15354 /* List.swift */; };
		C460B667261B3A590051BB80 /* Plotter.swift in Sources */ = {isa = PBXBuildFile; fileRef = C460B666261B3A590051BB80 /* Plotter.swift */; };
		C460B673261CD5CD0051BB80 /* SVGplotter.swift in Sources */ = {isa = PBXBuildFile; fileRef = C460B672261CD5CD0051BB80 /* SVGplotter.swift */; };
		C460B677261DA8B30051BB80 /* Tags.swift in Sources */ = {isa = PBXBuildFile; fileRef = C460B676261DA8B30051BB80 /* Tags.swift */; };
		C46A3A7225DE8B4C00F6783A /* SVG.swift in Sources */ = {isa = PBXBuildFile; fileRef = C46A3A7125DE8B4C00F6783A /* SVG.swift */; };
		C46ADD10260714DA0046F427 /* Bitmap.swift in Sources */ = {isa = PBXBuildFile; fileRef = C46ADD0F260714DA0046F427 /* Bitmap.swift */; };
		C46ADD11260714DA0046F427 /* Bitmap.swift in Sources */ = {isa = PBXBuildFile; fileRef = C46ADD0F260714DA0046F427 /* Bitmap.swift */; };
		C46ADD2126074CD60046F427 /* RandomCSV.swift in Sources */ = {isa = PBXBuildFile; fileRef = C46ADD2026074CD60046F427 /* RandomCSV.swift */; };
		C480847C25E4E97300BD0A24 /* ColumnPlot.swift in Sources */ = {isa = PBXBuildFile; fileRef = C480847B25E4E97300BD0A24 /* ColumnPlot.swift */; };
		C480848025E6776900BD0A24 /* Sides.swift in Sources */ = {isa = PBXBuildFile; fileRef = C480847F25E6776900BD0A24 /* Sides.swift */; };
		C480848325E6809400BD0A24 /* Sides.swift in Sources */ = {isa = PBXBuildFile; fileRef = C480847F25E6776900BD0A24 /* Sides.swift */; };
		C482B9FD25EE8D4D00E51A50 /* stderr.swift in Sources */ = {isa = PBXBuildFile; fileRef = C482B9FC25EE8D4D00E51A50 /* stderr.swift */; };
		C4834ADD2637C7D60072C574 /* ChartType.swift in Sources */ = {isa = PBXBuildFile; fileRef = C4834ADC2637C7D60072C574 /* ChartType.swift */; };
		C4834ADE2637C7D60072C574 /* ChartType.swift in Sources */ = {isa = PBXBuildFile; fileRef = C4834ADC2637C7D60072C574 /* ChartType.swift */; };
		C48B03912660AA9900C6671F /* DictSetValues.swift in Sources */ = {isa = PBXBuildFile; fileRef = C48B03902660AA9900C6671F /* DictSetValues.swift */; };
		C48B03922660AA9900C6671F /* DictSetValues.swift in Sources */ = {isa = PBXBuildFile; fileRef = C48B03902660AA9900C6671F /* DictSetValues.swift */; };
		C48B039426611D3F00C6671F /* Nested.swift in Sources */ = {isa = PBXBuildFile; fileRef = C48B039326611D3F00C6671F /* Nested.swift */; };
		C48B039526611D3F00C6671F /* Nested.swift in Sources */ = {isa = PBXBuildFile; fileRef = C48B039326611D3F00C6671F /* Nested.swift */; };
		C48B039726612F0100C6671F /* GetSet.swift in Sources */ = {isa = PBXBuildFile; fileRef = C48B039626612F0100C6671F /* GetSet.swift */; };
		C48B039826612F0100C6671F /* GetSet.swift in Sources */ = {isa = PBXBuildFile; fileRef = C48B039626612F0100C6671F /* GetSet.swift */; };
		C48B723825F28A5E00B0752E /* appinfo.swift in Sources */ = {isa = PBXBuildFile; fileRef = C45053C025F0E865003FC346 /* appinfo.swift */; };
		C48B822A25E28F7E00EAEAE3 /* csv2Tests.swift in Sources */ = {isa = PBXBuildFile; fileRef = C48B822925E28F7E00EAEAE3 /* csv2Tests.swift */; };
		C48B823625E2967100EAEAE3 /* Settings.swift in Sources */ = {isa = PBXBuildFile; fileRef = C49B7D6C25DC03B500CEAB8C /* Settings.swift */; };
		C48B823925E29A5600EAEAE3 /* CSV.swift in Sources */ = {isa = PBXBuildFile; fileRef = C49B7D6F25DC055400CEAB8C /* CSV.swift */; };
		C499B3342650EAD600581AD0 /* OptGetter in Frameworks */ = {isa = PBXBuildFile; productRef = C499B3332650EAD600581AD0 /* OptGetter */; };
		C499B3382650FD9900581AD0 /* KeyTag.swift in Sources */ = {isa = PBXBuildFile; fileRef = C499B3372650FD9900581AD0 /* KeyTag.swift */; };
		C499B3392650FD9900581AD0 /* KeyTag.swift in Sources */ = {isa = PBXBuildFile; fileRef = C499B3372650FD9900581AD0 /* KeyTag.swift */; };
		C49A0DBA2648278300CF7E22 /* PDF.swift in Sources */ = {isa = PBXBuildFile; fileRef = C49A0DB92648278300CF7E22 /* PDF.swift */; };
		C49A0DBB2648278700CF7E22 /* PDF.swift in Sources */ = {isa = PBXBuildFile; fileRef = C49A0DB92648278300CF7E22 /* PDF.swift */; };
		C49A0DBD264827D600CF7E22 /* PDFPlotter.swift in Sources */ = {isa = PBXBuildFile; fileRef = C49A0DBC264827D600CF7E22 /* PDFPlotter.swift */; };
		C49A0DBE264827D600CF7E22 /* PDFPlotter.swift in Sources */ = {isa = PBXBuildFile; fileRef = C49A0DBC264827D600CF7E22 /* PDFPlotter.swift */; };
		C49A0DC026491B5A00CF7E22 /* PDFPlotterPage.swift in Sources */ = {isa = PBXBuildFile; fileRef = C49A0DBF26491B5A00CF7E22 /* PDFPlotterPage.swift */; };
		C49A0DC126491B5A00CF7E22 /* PDFPlotterPage.swift in Sources */ = {isa = PBXBuildFile; fileRef = C49A0DBF26491B5A00CF7E22 /* PDFPlotterPage.swift */; };
		C49A0DC326491BAD00CF7E22 /* PDFActions.swift in Sources */ = {isa = PBXBuildFile; fileRef = C49A0DC226491BAD00CF7E22 /* PDFActions.swift */; };
		C49A0DC426491BAD00CF7E22 /* PDFActions.swift in Sources */ = {isa = PBXBuildFile; fileRef = C49A0DC226491BAD00CF7E22 /* PDFActions.swift */; };
		C49A7EC925EBCE7300503486 /* Text.swift in Sources */ = {isa = PBXBuildFile; fileRef = C49A7EC825EBCE7300503486 /* Text.swift */; };
		C49B7D6D25DC03B500CEAB8C /* Settings.swift in Sources */ = {isa = PBXBuildFile; fileRef = C49B7D6C25DC03B500CEAB8C /* Settings.swift */; };
		C49B7D7025DC055400CEAB8C /* CSV.swift in Sources */ = {isa = PBXBuildFile; fileRef = C49B7D6F25DC055400CEAB8C /* CSV.swift */; };
		C49CC51B263A9A670006FAC8 /* PlotOptions.swift in Sources */ = {isa = PBXBuildFile; fileRef = C49CC51A263A9A670006FAC8 /* PlotOptions.swift */; };
		C49CC51C263A9A670006FAC8 /* PlotOptions.swift in Sources */ = {isa = PBXBuildFile; fileRef = C49CC51A263A9A670006FAC8 /* PlotOptions.swift */; };
		C4AD7F73265A0E6700CABB29 /* ExecCommand.swift in Sources */ = {isa = PBXBuildFile; fileRef = C4AD7F72265A0E6700CABB29 /* ExecCommand.swift */; };
		C4AD7F74265A0E6700CABB29 /* ExecCommand.swift in Sources */ = {isa = PBXBuildFile; fileRef = C4AD7F72265A0E6700CABB29 /* ExecCommand.swift */; };
		C4AD7F75265A120400CABB29 /* ShowDashesList.swift in Sources */ = {isa = PBXBuildFile; fileRef = C4F1B3932609DFFA0035AC62 /* ShowDashesList.swift */; };
		C4AD7F76265A120400CABB29 /* ShowColoursList.swift in Sources */ = {isa = PBXBuildFile; fileRef = C422C5C32608D0CC00676912 /* ShowColoursList.swift */; };
		C4B2F968262576FF00CC5430 /* XIlist.swift in Sources */ = {isa = PBXBuildFile; fileRef = C4B2F967262576FF00CC5430 /* XIlist.swift */; };
		C4B2F96B2625770300CC5430 /* XIlist.swift in Sources */ = {isa = PBXBuildFile; fileRef = C4B2F967262576FF00CC5430 /* XIlist.swift */; };
		C4B2F98926272A4C00CC5430 /* ColourTranslate.swift in Sources */ = {isa = PBXBuildFile; fileRef = C4EFA4F4262491BB0026BD9A /* ColourTranslate.swift */; };
		C4B2F98C26272AA500CC5430 /* Defaults.swift in Sources */ = {isa = PBXBuildFile; fileRef = C4FE4A0425F66E2C0076EF5E /* Defaults.swift */; };
		C4B2F99726296AAE00CC5430 /* CSVParser in Frameworks */ = {isa = PBXBuildFile; productRef = C4B2F99626296AAE00CC5430 /* CSVParser */; };
		C4B2F9A826297EDD00CC5430 /* CSVParser in Frameworks */ = {isa = PBXBuildFile; productRef = C4B2F9A726297EDD00CC5430 /* CSVParser */; };
		C4B2F9AE262B286400CC5430 /* SVGout.swift in Sources */ = {isa = PBXBuildFile; fileRef = C4B2F9AD262B286400CC5430 /* SVGout.swift */; };
		C4B2F9AF262B286400CC5430 /* SVGout.swift in Sources */ = {isa = PBXBuildFile; fileRef = C4B2F9AD262B286400CC5430 /* SVGout.swift */; };
		C4B2F9B5262B488400CC5430 /* CanvasOut.swift in Sources */ = {isa = PBXBuildFile; fileRef = C4B2F9B4262B488400CC5430 /* CanvasOut.swift */; };
		C4B2F9B6262B488400CC5430 /* CanvasOut.swift in Sources */ = {isa = PBXBuildFile; fileRef = C4B2F9B4262B488400CC5430 /* CanvasOut.swift */; };
		C4B2F9C0262C177900CC5430 /* PNG.swift in Sources */ = {isa = PBXBuildFile; fileRef = C4B2F9BF262C177900CC5430 /* PNG.swift */; };
		C4B2F9C1262C177900CC5430 /* PNG.swift in Sources */ = {isa = PBXBuildFile; fileRef = C4B2F9BF262C177900CC5430 /* PNG.swift */; };
		C4B2F9C7262C17D100CC5430 /* PNGPlotter.swift in Sources */ = {isa = PBXBuildFile; fileRef = C4B2F9C6262C17D100CC5430 /* PNGPlotter.swift */; };
		C4B2F9C8262C17D100CC5430 /* PNGPlotter.swift in Sources */ = {isa = PBXBuildFile; fileRef = C4B2F9C6262C17D100CC5430 /* PNGPlotter.swift */; };
		C4B2F9CC262C27B700CC5430 /* CGplotPath.swift in Sources */ = {isa = PBXBuildFile; fileRef = C4B2F9CB262C27B700CC5430 /* CGplotPath.swift */; };
		C4B2F9CD262C27B700CC5430 /* CGplotPath.swift in Sources */ = {isa = PBXBuildFile; fileRef = C4B2F9CB262C27B700CC5430 /* CGplotPath.swift */; };
		C4B2F9D3262C6BC000CC5430 /* CGplotText.swift in Sources */ = {isa = PBXBuildFile; fileRef = C4B2F9D2262C6BC000CC5430 /* CGplotText.swift */; };
		C4B2F9D4262C6BC000CC5430 /* CGplotText.swift in Sources */ = {isa = PBXBuildFile; fileRef = C4B2F9D2262C6BC000CC5430 /* CGplotText.swift */; };
		C4B2F9DC262E947000CC5430 /* Rect.swift in Sources */ = {isa = PBXBuildFile; fileRef = C4B2F9DB262E947000CC5430 /* Rect.swift */; };
		C4B2F9DD262E947000CC5430 /* Rect.swift in Sources */ = {isa = PBXBuildFile; fileRef = C4B2F9DB262E947000CC5430 /* Rect.swift */; };
		C4B2F9E3262EC7C200CC5430 /* CGlogo.swift in Sources */ = {isa = PBXBuildFile; fileRef = C4B2F9E2262EC7C200CC5430 /* CGlogo.swift */; };
		C4B2F9E4262EC7C200CC5430 /* CGlogo.swift in Sources */ = {isa = PBXBuildFile; fileRef = C4B2F9E2262EC7C200CC5430 /* CGlogo.swift */; };
		C4B2F9EE263025FB00CC5430 /* Path.swift in Sources */ = {isa = PBXBuildFile; fileRef = C4B2F9ED263025FB00CC5430 /* Path.swift */; };
		C4B2F9EF263025FB00CC5430 /* Path.swift in Sources */ = {isa = PBXBuildFile; fileRef = C4B2F9ED263025FB00CC5430 /* Path.swift */; };
		C4B2F9FD2631B3F300CC5430 /* csv2Tests2.swift in Sources */ = {isa = PBXBuildFile; fileRef = C4B2F9FB2631B3F300CC5430 /* csv2Tests2.swift */; };
		C4B2FA052633F3D500CC5430 /* RGBAu8.swift in Sources */ = {isa = PBXBuildFile; fileRef = C4B2FA042633F3D500CC5430 /* RGBAu8.swift */; };
		C4B2FA062633F3D500CC5430 /* RGBAu8.swift in Sources */ = {isa = PBXBuildFile; fileRef = C4B2FA042633F3D500CC5430 /* RGBAu8.swift */; };
		C4B2FA0A2634863000CC5430 /* RGBAu8Lookup.swift in Sources */ = {isa = PBXBuildFile; fileRef = C4B2FA092634863000CC5430 /* RGBAu8Lookup.swift */; };
		C4B2FA0B2634863000CC5430 /* RGBAu8Lookup.swift in Sources */ = {isa = PBXBuildFile; fileRef = C4B2FA092634863000CC5430 /* RGBAu8Lookup.swift */; };
		C4BDCFB6261E156F00D8C589 /* Canvas.swift in Sources */ = {isa = PBXBuildFile; fileRef = C4BDCFB5261E156F00D8C589 /* Canvas.swift */; };
		C4BDCFBD261EFA0600D8C589 /* Transform.swift in Sources */ = {isa = PBXBuildFile; fileRef = C42A6E3B261EDBED00784F54 /* Transform.swift */; };
		C4C0C462260E589A0072699C /* SVGstyle.swift in Sources */ = {isa = PBXBuildFile; fileRef = C4C0C461260E589A0072699C /* SVGstyle.swift */; };
		C4C0C469260F2E530072699C /* SVGstyle.swift in Sources */ = {isa = PBXBuildFile; fileRef = C4C0C461260E589A0072699C /* SVGstyle.swift */; };
		C4C0C472260F85E40072699C /* Fonts.swift in Sources */ = {isa = PBXBuildFile; fileRef = C4C0C471260F85E40072699C /* Fonts.swift */; };
		C4C0C4752610C39B0072699C /* Fonts.swift in Sources */ = {isa = PBXBuildFile; fileRef = C4C0C471260F85E40072699C /* Fonts.swift */; };
		C4C0C4862612E82A0072699C /* CodingKeys.swift in Sources */ = {isa = PBXBuildFile; fileRef = C4C0C4852612E82A0072699C /* CodingKeys.swift */; };
		C4C0C48A2612FBCD0072699C /* KeyedValue.swift in Sources */ = {isa = PBXBuildFile; fileRef = C4C0C4892612FBCD0072699C /* KeyedValue.swift */; };
		C4C0C48B2612FBCD0072699C /* KeyedValue.swift in Sources */ = {isa = PBXBuildFile; fileRef = C4C0C4892612FBCD0072699C /* KeyedValue.swift */; };
		C4C0C495261300000072699C /* CodingKeys.swift in Sources */ = {isa = PBXBuildFile; fileRef = C4C0C4852612E82A0072699C /* CodingKeys.swift */; };
		C4C0C4B7261458F10072699C /* SearchPath.swift in Sources */ = {isa = PBXBuildFile; fileRef = C4C0C4B6261458F10072699C /* SearchPath.swift */; };
		C4C0C4B8261458F10072699C /* SearchPath.swift in Sources */ = {isa = PBXBuildFile; fileRef = C4C0C4B6261458F10072699C /* SearchPath.swift */; };
		C4C0C4C02615A1E90072699C /* examples in Resources */ = {isa = PBXBuildFile; fileRef = C4C0C4BF2615A1E80072699C /* examples */; };
		C4CF29FC263556B400E858D1 /* Vector.swift in Sources */ = {isa = PBXBuildFile; fileRef = C4CF29FB263556B400E858D1 /* Vector.swift */; };
		C4CF2A00263556EE00E858D1 /* Point.swift in Sources */ = {isa = PBXBuildFile; fileRef = C4CF29FF263556EE00E858D1 /* Point.swift */; };
		C4CF2A0426368F5600E858D1 /* Pie.swift in Sources */ = {isa = PBXBuildFile; fileRef = C4CF2A0326368F5600E858D1 /* Pie.swift */; };
		C4CF2A112636EF9600E858D1 /* Positions.swift in Sources */ = {isa = PBXBuildFile; fileRef = C4CF2A102636EF9600E858D1 /* Positions.swift */; };
		C4CF2A142637142B00E858D1 /* Positions.swift in Sources */ = {isa = PBXBuildFile; fileRef = C4CF2A102636EF9600E858D1 /* Positions.swift */; };
		C4CF2A172637145700E858D1 /* Pie.swift in Sources */ = {isa = PBXBuildFile; fileRef = C4CF2A0326368F5600E858D1 /* Pie.swift */; };
		C4CF2A1A2637147800E858D1 /* Point.swift in Sources */ = {isa = PBXBuildFile; fileRef = C4CF29FF263556EE00E858D1 /* Point.swift */; };
		C4CF2A1D2637147C00E858D1 /* Vector.swift in Sources */ = {isa = PBXBuildFile; fileRef = C4CF29FB263556B400E858D1 /* Vector.swift */; };
		C4CF2A212637177100E858D1 /* PieChart.swift in Sources */ = {isa = PBXBuildFile; fileRef = C4CF2A202637177100E858D1 /* PieChart.swift */; };
		C4CF2A222637177100E858D1 /* PieChart.swift in Sources */ = {isa = PBXBuildFile; fileRef = C4CF2A202637177100E858D1 /* PieChart.swift */; };
		C4CF2A2B26371B3F00E858D1 /* DoIf.swift in Sources */ = {isa = PBXBuildFile; fileRef = C4CF2A2A26371B3F00E858D1 /* DoIf.swift */; };
		C4CF2A2C26371B3F00E858D1 /* DoIf.swift in Sources */ = {isa = PBXBuildFile; fileRef = C4CF2A2A26371B3F00E858D1 /* DoIf.swift */; };
		C4EA5D1F25EB7B8A00E104E0 /* TransScale.swift in Sources */ = {isa = PBXBuildFile; fileRef = C4EA5D1E25EB7B8A00E104E0 /* TransScale.swift */; };
		C4EA5D2225EB7DFD00E104E0 /* TransScale.swift in Sources */ = {isa = PBXBuildFile; fileRef = C4EA5D1E25EB7B8A00E104E0 /* TransScale.swift */; };
		C4EA5D2825EB8F4D00E104E0 /* Colours.swift in Sources */ = {isa = PBXBuildFile; fileRef = C4EA5D2725EB8F4D00E104E0 /* Colours.swift */; };
		C4EA5D2B25EB90C900E104E0 /* Colours.swift in Sources */ = {isa = PBXBuildFile; fileRef = C4EA5D2725EB8F4D00E104E0 /* Colours.swift */; };
		C4EFA4A4261EEBA70026BD9A /* Plotter.swift in Sources */ = {isa = PBXBuildFile; fileRef = C460B666261B3A590051BB80 /* Plotter.swift */; };
		C4EFA4A7261EEBC50026BD9A /* SVGplotter.swift in Sources */ = {isa = PBXBuildFile; fileRef = C460B672261CD5CD0051BB80 /* SVGplotter.swift */; };
		C4EFA4AA261EEBCB0026BD9A /* Tags.swift in Sources */ = {isa = PBXBuildFile; fileRef = C460B676261DA8B30051BB80 /* Tags.swift */; };
		C4EFA4B126202C600026BD9A /* Commands.swift in Sources */ = {isa = PBXBuildFile; fileRef = C4EFA4B026202C600026BD9A /* Commands.swift */; };
		C4EFA4BB2620A92B0026BD9A /* Canvasplotter.swift in Sources */ = {isa = PBXBuildFile; fileRef = C4EFA4BA2620A92B0026BD9A /* Canvasplotter.swift */; };
		C4EFA4BF2620D42C0026BD9A /* Path2D.swift in Sources */ = {isa = PBXBuildFile; fileRef = C4EFA4BE2620D42C0026BD9A /* Path2D.swift */; };
		C4EFA4C32620D5C40026BD9A /* CTX.swift in Sources */ = {isa = PBXBuildFile; fileRef = C4EFA4C22620D5C40026BD9A /* CTX.swift */; };
		C4EFA4C926215D650026BD9A /* StylesList.swift in Sources */ = {isa = PBXBuildFile; fileRef = C4EFA4C826215D650026BD9A /* StylesList.swift */; };
		C4EFA4CC262166700026BD9A /* CTX.swift in Sources */ = {isa = PBXBuildFile; fileRef = C4EFA4C22620D5C40026BD9A /* CTX.swift */; };
		C4EFA4D6262364EC0026BD9A /* Bar.swift in Sources */ = {isa = PBXBuildFile; fileRef = C4EFA4D5262364EC0026BD9A /* Bar.swift */; };
		C4EFA4D926236B240026BD9A /* Bar.swift in Sources */ = {isa = PBXBuildFile; fileRef = C4EFA4D5262364EC0026BD9A /* Bar.swift */; };
		C4EFA4DC26236B500026BD9A /* StylesList.swift in Sources */ = {isa = PBXBuildFile; fileRef = C4EFA4C826215D650026BD9A /* StylesList.swift */; };
		C4EFA4DF26236B7A0026BD9A /* Canvas.swift in Sources */ = {isa = PBXBuildFile; fileRef = C4BDCFB5261E156F00D8C589 /* Canvas.swift */; };
		C4EFA4E226236B810026BD9A /* Canvasplotter.swift in Sources */ = {isa = PBXBuildFile; fileRef = C4EFA4BA2620A92B0026BD9A /* Canvasplotter.swift */; };
		C4EFA4E526236B850026BD9A /* Path2D.swift in Sources */ = {isa = PBXBuildFile; fileRef = C4EFA4BE2620D42C0026BD9A /* Path2D.swift */; };
		C4EFA4EC26236F3E0026BD9A /* BarGet.swift in Sources */ = {isa = PBXBuildFile; fileRef = C4EFA4EB26236F3E0026BD9A /* BarGet.swift */; };
		C4EFA4EF2623710A0026BD9A /* BarGet.swift in Sources */ = {isa = PBXBuildFile; fileRef = C4EFA4EB26236F3E0026BD9A /* BarGet.swift */; };
		C4EFA4F5262491BB0026BD9A /* ColourTranslate.swift in Sources */ = {isa = PBXBuildFile; fileRef = C4EFA4F4262491BB0026BD9A /* ColourTranslate.swift */; };
		C4F1B3942609DFFA0035AC62 /* ShowDashesList.swift in Sources */ = {isa = PBXBuildFile; fileRef = C4F1B3932609DFFA0035AC62 /* ShowDashesList.swift */; };
		C4F1B3982609E0670035AC62 /* DashesList.swift in Sources */ = {isa = PBXBuildFile; fileRef = C4F1B3972609E0670035AC62 /* DashesList.swift */; };
		C4F20C0826012A67005D2FE1 /* Styles.swift in Sources */ = {isa = PBXBuildFile; fileRef = C4F20C0726012A67005D2FE1 /* Styles.swift */; };
		C4F20C0926012A67005D2FE1 /* Styles.swift in Sources */ = {isa = PBXBuildFile; fileRef = C4F20C0726012A67005D2FE1 /* Styles.swift */; };
		C4F20C112601DF4D005D2FE1 /* Dashes.swift in Sources */ = {isa = PBXBuildFile; fileRef = C4F20C102601DF4D005D2FE1 /* Dashes.swift */; };
		C4F20C122601DF4D005D2FE1 /* Dashes.swift in Sources */ = {isa = PBXBuildFile; fileRef = C4F20C102601DF4D005D2FE1 /* Dashes.swift */; };
		C4F20C1626027B7C005D2FE1 /* Legends.swift in Sources */ = {isa = PBXBuildFile; fileRef = C4F20C1526027B7C005D2FE1 /* Legends.swift */; };
		C4F20C1726027B7C005D2FE1 /* Legends.swift in Sources */ = {isa = PBXBuildFile; fileRef = C4F20C1526027B7C005D2FE1 /* Legends.swift */; };
		C4F8F875261C375C00DF76AE /* Plot.swift in Sources */ = {isa = PBXBuildFile; fileRef = C4F8F874261C375C00DF76AE /* Plot.swift */; };
		C4F8F876261C375C00DF76AE /* Plot.swift in Sources */ = {isa = PBXBuildFile; fileRef = C4F8F874261C375C00DF76AE /* Plot.swift */; };
		C4FA4255265CE9CD00D999CC /* Usage.swift in Sources */ = {isa = PBXBuildFile; fileRef = C4FA4254265CE9CD00D999CC /* Usage.swift */; };
		C4FA4256265E433400D999CC /* DashesList.swift in Sources */ = {isa = PBXBuildFile; fileRef = C4F1B3972609E0670035AC62 /* DashesList.swift */; };
		C4FA4257265E434A00D999CC /* RandomCSV.swift in Sources */ = {isa = PBXBuildFile; fileRef = C46ADD2026074CD60046F427 /* RandomCSV.swift */; };
		C4FA4258265E435800D999CC /* List.swift in Sources */ = {isa = PBXBuildFile; fileRef = C45E3268265A8A6200F15354 /* List.swift */; };
		C4FA4259265E436F00D999CC /* Usage.swift in Sources */ = {isa = PBXBuildFile; fileRef = C4FA4254265CE9CD00D999CC /* Usage.swift */; };
		C4FA425A265E43FD00D999CC /* ColoursList.swift in Sources */ = {isa = PBXBuildFile; fileRef = C422C5CB2608D58500676912 /* ColoursList.swift */; };
		C4FA425C265E454800D999CC /* PNGout.swift in Sources */ = {isa = PBXBuildFile; fileRef = C4FA425B265E454800D999CC /* PNGout.swift */; };
		C4FA425D265E454800D999CC /* PNGout.swift in Sources */ = {isa = PBXBuildFile; fileRef = C4FA425B265E454800D999CC /* PNGout.swift */; };
		C4FA425F265FE42300D999CC /* Encodable.swift in Sources */ = {isa = PBXBuildFile; fileRef = C4FA425E265FE42300D999CC /* Encodable.swift */; };
		C4FA4260265FE42300D999CC /* Encodable.swift in Sources */ = {isa = PBXBuildFile; fileRef = C4FA425E265FE42300D999CC /* Encodable.swift */; };
		C4FE49FF25F6440F0076EF5E /* Options.swift in Sources */ = {isa = PBXBuildFile; fileRef = C4FE49FE25F6440F0076EF5E /* Options.swift */; };
		C4FE4A0525F66E2C0076EF5E /* Defaults.swift in Sources */ = {isa = PBXBuildFile; fileRef = C4FE4A0425F66E2C0076EF5E /* Defaults.swift */; };
/* End PBXBuildFile section */

/* Begin PBXFileReference section */
		C402620825FF3E1D0042AEA5 /* XI.swift */ = {isa = PBXFileReference; lastKnownFileType = sourcecode.swift; path = XI.swift; sourceTree = "<group>"; };
		C40A3AFB25DC01180016EB6D /* csv2 */ = {isa = PBXFileReference; explicitFileType = "compiled.mach-o.executable"; includeInIndex = 0; path = csv2; sourceTree = BUILT_PRODUCTS_DIR; };
		C40A3AFE25DC01180016EB6D /* main.swift */ = {isa = PBXFileReference; lastKnownFileType = sourcecode.swift; path = main.swift; sourceTree = "<group>"; };
		C40CD42B25ECD60F003944FA /* Axes.swift */ = {isa = PBXFileReference; lastKnownFileType = sourcecode.swift; path = Axes.swift; sourceTree = "<group>"; };
		C40CD43925ED025F003944FA /* Header.swift */ = {isa = PBXFileReference; lastKnownFileType = sourcecode.swift; path = Header.swift; sourceTree = "<group>"; };
		C40CD44025ED2390003944FA /* Plane.swift */ = {isa = PBXFileReference; lastKnownFileType = sourcecode.swift; path = Plane.swift; sourceTree = "<group>"; };
		C422C5C32608D0CC00676912 /* ShowColoursList.swift */ = {isa = PBXFileReference; lastKnownFileType = sourcecode.swift; path = ShowColoursList.swift; sourceTree = "<group>"; };
		C422C5CB2608D58500676912 /* ColoursList.swift */ = {isa = PBXFileReference; lastKnownFileType = sourcecode.swift; path = ColoursList.swift; sourceTree = "<group>"; };
		C4255F3E25E423A7002DFE80 /* PathCompenent.swift */ = {isa = PBXFileReference; lastKnownFileType = sourcecode.swift; path = PathCompenent.swift; sourceTree = "<group>"; };
		C42782B42655318E004C3464 /* OptsToGet.swift */ = {isa = PBXFileReference; lastKnownFileType = sourcecode.swift; path = OptsToGet.swift; sourceTree = "<group>"; };
		C42A6E3B261EDBED00784F54 /* Transform.swift */ = {isa = PBXFileReference; lastKnownFileType = sourcecode.swift; path = Transform.swift; sourceTree = "<group>"; };
		C446E80825F4BAA3007B1A05 /* RowPlot.swift */ = {isa = PBXFileReference; lastKnownFileType = sourcecode.swift; path = RowPlot.swift; sourceTree = "<group>"; };
		C446E81125F4BE4B007B1A05 /* PlotCommon.swift */ = {isa = PBXFileReference; lastKnownFileType = sourcecode.swift; path = PlotCommon.swift; sourceTree = "<group>"; };
		C45053C025F0E865003FC346 /* appinfo.swift */ = {isa = PBXFileReference; lastKnownFileType = sourcecode.swift; path = appinfo.swift; sourceTree = "<group>"; };
		C4507810263DA32000308C1D /* PointPosition.swift */ = {isa = PBXFileReference; lastKnownFileType = sourcecode.swift; path = PointPosition.swift; sourceTree = "<group>"; };
		C4507814263E9F9400308C1D /* Int.swift */ = {isa = PBXFileReference; lastKnownFileType = sourcecode.swift; path = Int.swift; sourceTree = "<group>"; };
		C4507816263E9FED00308C1D /* Double.swift */ = {isa = PBXFileReference; lastKnownFileType = sourcecode.swift; path = Double.swift; sourceTree = "<group>"; };
		C4507818263EA08300308C1D /* OptionSet.swift */ = {isa = PBXFileReference; lastKnownFileType = sourcecode.swift; path = OptionSet.swift; sourceTree = "<group>"; };
		C450781A263EA0ED00308C1D /* CGPoint.swift */ = {isa = PBXFileReference; lastKnownFileType = sourcecode.swift; path = CGPoint.swift; sourceTree = "<group>"; };
		C45323CA25F77F01007D741C /* ReflectedStringConvertable.swift */ = {isa = PBXFileReference; lastKnownFileType = sourcecode.swift; path = ReflectedStringConvertable.swift; sourceTree = "<group>"; };
		C45323E525F8CCC8007D741C /* Readlines.swift */ = {isa = PBXFileReference; lastKnownFileType = sourcecode.swift; path = Readlines.swift; sourceTree = "<group>"; };
		C45323EC25F8EF0D007D741C /* Gen.swift */ = {isa = PBXFileReference; lastKnownFileType = sourcecode.swift; path = Gen.swift; sourceTree = "<group>"; };
		C45323F125F8F157007D741C /* Horizontal.swift */ = {isa = PBXFileReference; lastKnownFileType = sourcecode.swift; path = Horizontal.swift; sourceTree = "<group>"; };
		C45323FA25F90359007D741C /* PlotInfo.swift */ = {isa = PBXFileReference; lastKnownFileType = sourcecode.swift; path = PlotInfo.swift; sourceTree = "<group>"; };
		C453242425FA2C23007D741C /* DrawShapes.swift */ = {isa = PBXFileReference; lastKnownFileType = sourcecode.swift; path = DrawShapes.swift; sourceTree = "<group>"; };
		C453242B25FA5D99007D741C /* Other.swift */ = {isa = PBXFileReference; lastKnownFileType = sourcecode.swift; path = Other.swift; sourceTree = "<group>"; };
		C453243725FA7968007D741C /* Shapes.swift */ = {isa = PBXFileReference; lastKnownFileType = sourcecode.swift; path = Shapes.swift; sourceTree = "<group>"; };
		C453244C25FBEBA6007D741C /* ShowShape.swift */ = {isa = PBXFileReference; lastKnownFileType = sourcecode.swift; path = ShowShape.swift; sourceTree = "<group>"; };
		C4569DA82651369900D74DBD /* OptGetter.swift */ = {isa = PBXFileReference; lastKnownFileType = sourcecode.swift; path = OptGetter.swift; sourceTree = "<group>"; };
		C4569DAA2651760400D74DBD /* OptConvertor.swift */ = {isa = PBXFileReference; lastKnownFileType = sourcecode.swift; path = OptConvertor.swift; sourceTree = "<group>"; };
		C4569DAD265177DC00D74DBD /* OptionsGet.swift */ = {isa = PBXFileReference; lastKnownFileType = sourcecode.swift; path = OptionsGet.swift; sourceTree = "<group>"; };
		C4569DB0265180B200D74DBD /* help.swift */ = {isa = PBXFileReference; lastKnownFileType = sourcecode.swift; path = help.swift; sourceTree = "<group>"; };
		C45E3268265A8A6200F15354 /* List.swift */ = {isa = PBXFileReference; lastKnownFileType = sourcecode.swift; path = List.swift; sourceTree = "<group>"; };
		C460B666261B3A590051BB80 /* Plotter.swift */ = {isa = PBXFileReference; lastKnownFileType = sourcecode.swift; path = Plotter.swift; sourceTree = "<group>"; };
		C460B672261CD5CD0051BB80 /* SVGplotter.swift */ = {isa = PBXFileReference; lastKnownFileType = sourcecode.swift; path = SVGplotter.swift; sourceTree = "<group>"; };
		C460B676261DA8B30051BB80 /* Tags.swift */ = {isa = PBXFileReference; lastKnownFileType = sourcecode.swift; path = Tags.swift; sourceTree = "<group>"; };
		C46A3A7125DE8B4C00F6783A /* SVG.swift */ = {isa = PBXFileReference; lastKnownFileType = sourcecode.swift; path = SVG.swift; sourceTree = "<group>"; };
		C46ADD0F260714DA0046F427 /* Bitmap.swift */ = {isa = PBXFileReference; lastKnownFileType = sourcecode.swift; path = Bitmap.swift; sourceTree = "<group>"; };
		C46ADD2026074CD60046F427 /* RandomCSV.swift */ = {isa = PBXFileReference; lastKnownFileType = sourcecode.swift; path = RandomCSV.swift; sourceTree = "<group>"; };
		C480847B25E4E97300BD0A24 /* ColumnPlot.swift */ = {isa = PBXFileReference; lastKnownFileType = sourcecode.swift; path = ColumnPlot.swift; sourceTree = "<group>"; };
		C480847F25E6776900BD0A24 /* Sides.swift */ = {isa = PBXFileReference; lastKnownFileType = sourcecode.swift; path = Sides.swift; sourceTree = "<group>"; };
		C482B9FC25EE8D4D00E51A50 /* stderr.swift */ = {isa = PBXFileReference; lastKnownFileType = sourcecode.swift; path = stderr.swift; sourceTree = "<group>"; };
		C4834ADC2637C7D60072C574 /* ChartType.swift */ = {isa = PBXFileReference; lastKnownFileType = sourcecode.swift; path = ChartType.swift; sourceTree = "<group>"; };
		C48B03902660AA9900C6671F /* DictSetValues.swift */ = {isa = PBXFileReference; lastKnownFileType = sourcecode.swift; path = DictSetValues.swift; sourceTree = "<group>"; };
		C48B039326611D3F00C6671F /* Nested.swift */ = {isa = PBXFileReference; lastKnownFileType = sourcecode.swift; path = Nested.swift; sourceTree = "<group>"; };
		C48B039626612F0100C6671F /* GetSet.swift */ = {isa = PBXFileReference; lastKnownFileType = sourcecode.swift; path = GetSet.swift; sourceTree = "<group>"; };
		C48B822725E28F7E00EAEAE3 /* csv2Tests.xctest */ = {isa = PBXFileReference; explicitFileType = wrapper.cfbundle; includeInIndex = 0; path = csv2Tests.xctest; sourceTree = BUILT_PRODUCTS_DIR; };
		C48B822925E28F7E00EAEAE3 /* csv2Tests.swift */ = {isa = PBXFileReference; lastKnownFileType = sourcecode.swift; path = csv2Tests.swift; sourceTree = "<group>"; };
		C48B822B25E28F7E00EAEAE3 /* Info.plist */ = {isa = PBXFileReference; lastKnownFileType = text.plist.xml; path = Info.plist; sourceTree = "<group>"; };
		C492BE0F25F3A2A10042A11E /* README.md */ = {isa = PBXFileReference; lastKnownFileType = net.daringfireball.markdown; path = README.md; sourceTree = "<group>"; };
		C499B3372650FD9900581AD0 /* KeyTag.swift */ = {isa = PBXFileReference; lastKnownFileType = sourcecode.swift; path = KeyTag.swift; sourceTree = "<group>"; };
		C49A0DB92648278300CF7E22 /* PDF.swift */ = {isa = PBXFileReference; lastKnownFileType = sourcecode.swift; path = PDF.swift; sourceTree = "<group>"; };
		C49A0DBC264827D600CF7E22 /* PDFPlotter.swift */ = {isa = PBXFileReference; lastKnownFileType = sourcecode.swift; path = PDFPlotter.swift; sourceTree = "<group>"; };
		C49A0DBF26491B5A00CF7E22 /* PDFPlotterPage.swift */ = {isa = PBXFileReference; lastKnownFileType = sourcecode.swift; path = PDFPlotterPage.swift; sourceTree = "<group>"; };
		C49A0DC226491BAD00CF7E22 /* PDFActions.swift */ = {isa = PBXFileReference; lastKnownFileType = sourcecode.swift; path = PDFActions.swift; sourceTree = "<group>"; };
		C49A7EC825EBCE7300503486 /* Text.swift */ = {isa = PBXFileReference; lastKnownFileType = sourcecode.swift; path = Text.swift; sourceTree = "<group>"; };
		C49B7D6C25DC03B500CEAB8C /* Settings.swift */ = {isa = PBXFileReference; lastKnownFileType = sourcecode.swift; path = Settings.swift; sourceTree = "<group>"; };
		C49B7D6F25DC055400CEAB8C /* CSV.swift */ = {isa = PBXFileReference; lastKnownFileType = sourcecode.swift; path = CSV.swift; sourceTree = "<group>"; };
		C49CC5192639DB4C0006FAC8 /* docs */ = {isa = PBXFileReference; lastKnownFileType = folder; path = docs; sourceTree = "<group>"; };
		C49CC51A263A9A670006FAC8 /* PlotOptions.swift */ = {isa = PBXFileReference; lastKnownFileType = sourcecode.swift; path = PlotOptions.swift; sourceTree = "<group>"; };
		C4AD7F72265A0E6700CABB29 /* ExecCommand.swift */ = {isa = PBXFileReference; lastKnownFileType = sourcecode.swift; path = ExecCommand.swift; sourceTree = "<group>"; };
		C4B2F967262576FF00CC5430 /* XIlist.swift */ = {isa = PBXFileReference; lastKnownFileType = sourcecode.swift; path = XIlist.swift; sourceTree = "<group>"; };
		C4B2F9AD262B286400CC5430 /* SVGout.swift */ = {isa = PBXFileReference; lastKnownFileType = sourcecode.swift; path = SVGout.swift; sourceTree = "<group>"; };
		C4B2F9B4262B488400CC5430 /* CanvasOut.swift */ = {isa = PBXFileReference; lastKnownFileType = sourcecode.swift; path = CanvasOut.swift; sourceTree = "<group>"; };
		C4B2F9BF262C177900CC5430 /* PNG.swift */ = {isa = PBXFileReference; lastKnownFileType = sourcecode.swift; path = PNG.swift; sourceTree = "<group>"; };
		C4B2F9C6262C17D100CC5430 /* PNGPlotter.swift */ = {isa = PBXFileReference; lastKnownFileType = sourcecode.swift; path = PNGPlotter.swift; sourceTree = "<group>"; };
		C4B2F9CB262C27B700CC5430 /* CGplotPath.swift */ = {isa = PBXFileReference; lastKnownFileType = sourcecode.swift; path = CGplotPath.swift; sourceTree = "<group>"; };
		C4B2F9D2262C6BC000CC5430 /* CGplotText.swift */ = {isa = PBXFileReference; lastKnownFileType = sourcecode.swift; path = CGplotText.swift; sourceTree = "<group>"; };
		C4B2F9DB262E947000CC5430 /* Rect.swift */ = {isa = PBXFileReference; lastKnownFileType = sourcecode.swift; path = Rect.swift; sourceTree = "<group>"; };
		C4B2F9E2262EC7C200CC5430 /* CGlogo.swift */ = {isa = PBXFileReference; lastKnownFileType = sourcecode.swift; path = CGlogo.swift; sourceTree = "<group>"; };
		C4B2F9ED263025FB00CC5430 /* Path.swift */ = {isa = PBXFileReference; lastKnownFileType = sourcecode.swift; path = Path.swift; sourceTree = "<group>"; };
		C4B2F9FB2631B3F300CC5430 /* csv2Tests2.swift */ = {isa = PBXFileReference; lastKnownFileType = sourcecode.swift; path = csv2Tests2.swift; sourceTree = "<group>"; };
		C4B2FA042633F3D500CC5430 /* RGBAu8.swift */ = {isa = PBXFileReference; lastKnownFileType = sourcecode.swift; path = RGBAu8.swift; sourceTree = "<group>"; };
		C4B2FA092634863000CC5430 /* RGBAu8Lookup.swift */ = {isa = PBXFileReference; lastKnownFileType = sourcecode.swift; path = RGBAu8Lookup.swift; sourceTree = "<group>"; };
		C4BDCFB5261E156F00D8C589 /* Canvas.swift */ = {isa = PBXFileReference; lastKnownFileType = sourcecode.swift; path = Canvas.swift; sourceTree = "<group>"; };
		C4C0C461260E589A0072699C /* SVGstyle.swift */ = {isa = PBXFileReference; lastKnownFileType = sourcecode.swift; path = SVGstyle.swift; sourceTree = "<group>"; };
		C4C0C471260F85E40072699C /* Fonts.swift */ = {isa = PBXFileReference; lastKnownFileType = sourcecode.swift; path = Fonts.swift; sourceTree = "<group>"; };
		C4C0C4852612E82A0072699C /* CodingKeys.swift */ = {isa = PBXFileReference; lastKnownFileType = sourcecode.swift; path = CodingKeys.swift; sourceTree = "<group>"; };
		C4C0C4892612FBCD0072699C /* KeyedValue.swift */ = {isa = PBXFileReference; lastKnownFileType = sourcecode.swift; path = KeyedValue.swift; sourceTree = "<group>"; };
		C4C0C4B6261458F10072699C /* SearchPath.swift */ = {isa = PBXFileReference; lastKnownFileType = sourcecode.swift; path = SearchPath.swift; sourceTree = "<group>"; };
		C4C0C4BF2615A1E80072699C /* examples */ = {isa = PBXFileReference; lastKnownFileType = folder; path = examples; sourceTree = "<group>"; };
		C4CF29FB263556B400E858D1 /* Vector.swift */ = {isa = PBXFileReference; lastKnownFileType = sourcecode.swift; path = Vector.swift; sourceTree = "<group>"; };
		C4CF29FF263556EE00E858D1 /* Point.swift */ = {isa = PBXFileReference; lastKnownFileType = sourcecode.swift; path = Point.swift; sourceTree = "<group>"; };
		C4CF2A0326368F5600E858D1 /* Pie.swift */ = {isa = PBXFileReference; lastKnownFileType = sourcecode.swift; path = Pie.swift; sourceTree = "<group>"; };
		C4CF2A102636EF9600E858D1 /* Positions.swift */ = {isa = PBXFileReference; lastKnownFileType = sourcecode.swift; path = Positions.swift; sourceTree = "<group>"; };
		C4CF2A202637177100E858D1 /* PieChart.swift */ = {isa = PBXFileReference; lastKnownFileType = sourcecode.swift; path = PieChart.swift; sourceTree = "<group>"; };
		C4CF2A2A26371B3F00E858D1 /* DoIf.swift */ = {isa = PBXFileReference; lastKnownFileType = sourcecode.swift; path = DoIf.swift; sourceTree = "<group>"; };
		C4EA5D1E25EB7B8A00E104E0 /* TransScale.swift */ = {isa = PBXFileReference; lastKnownFileType = sourcecode.swift; path = TransScale.swift; sourceTree = "<group>"; };
		C4EA5D2725EB8F4D00E104E0 /* Colours.swift */ = {isa = PBXFileReference; lastKnownFileType = sourcecode.swift; path = Colours.swift; sourceTree = "<group>"; };
		C4EFA4B026202C600026BD9A /* Commands.swift */ = {isa = PBXFileReference; lastKnownFileType = sourcecode.swift; path = Commands.swift; sourceTree = "<group>"; };
		C4EFA4BA2620A92B0026BD9A /* Canvasplotter.swift */ = {isa = PBXFileReference; lastKnownFileType = sourcecode.swift; path = Canvasplotter.swift; sourceTree = "<group>"; };
		C4EFA4BE2620D42C0026BD9A /* Path2D.swift */ = {isa = PBXFileReference; lastKnownFileType = sourcecode.swift; path = Path2D.swift; sourceTree = "<group>"; };
		C4EFA4C22620D5C40026BD9A /* CTX.swift */ = {isa = PBXFileReference; lastKnownFileType = sourcecode.swift; path = CTX.swift; sourceTree = "<group>"; };
		C4EFA4C826215D650026BD9A /* StylesList.swift */ = {isa = PBXFileReference; lastKnownFileType = sourcecode.swift; path = StylesList.swift; sourceTree = "<group>"; };
		C4EFA4D5262364EC0026BD9A /* Bar.swift */ = {isa = PBXFileReference; lastKnownFileType = sourcecode.swift; path = Bar.swift; sourceTree = "<group>"; };
		C4EFA4EB26236F3E0026BD9A /* BarGet.swift */ = {isa = PBXFileReference; lastKnownFileType = sourcecode.swift; path = BarGet.swift; sourceTree = "<group>"; };
		C4EFA4F4262491BB0026BD9A /* ColourTranslate.swift */ = {isa = PBXFileReference; lastKnownFileType = sourcecode.swift; path = ColourTranslate.swift; sourceTree = "<group>"; };
		C4F1B3932609DFFA0035AC62 /* ShowDashesList.swift */ = {isa = PBXFileReference; lastKnownFileType = sourcecode.swift; path = ShowDashesList.swift; sourceTree = "<group>"; };
		C4F1B3972609E0670035AC62 /* DashesList.swift */ = {isa = PBXFileReference; lastKnownFileType = sourcecode.swift; path = DashesList.swift; sourceTree = "<group>"; };
		C4F20C0726012A67005D2FE1 /* Styles.swift */ = {isa = PBXFileReference; lastKnownFileType = sourcecode.swift; path = Styles.swift; sourceTree = "<group>"; };
		C4F20C102601DF4D005D2FE1 /* Dashes.swift */ = {isa = PBXFileReference; lastKnownFileType = sourcecode.swift; path = Dashes.swift; sourceTree = "<group>"; };
		C4F20C1526027B7C005D2FE1 /* Legends.swift */ = {isa = PBXFileReference; lastKnownFileType = sourcecode.swift; path = Legends.swift; sourceTree = "<group>"; };
		C4F8F874261C375C00DF76AE /* Plot.swift */ = {isa = PBXFileReference; lastKnownFileType = sourcecode.swift; path = Plot.swift; sourceTree = "<group>"; };
		C4FA4254265CE9CD00D999CC /* Usage.swift */ = {isa = PBXFileReference; lastKnownFileType = sourcecode.swift; path = Usage.swift; sourceTree = "<group>"; };
		C4FA425B265E454800D999CC /* PNGout.swift */ = {isa = PBXFileReference; lastKnownFileType = sourcecode.swift; path = PNGout.swift; sourceTree = "<group>"; };
		C4FA425E265FE42300D999CC /* Encodable.swift */ = {isa = PBXFileReference; lastKnownFileType = sourcecode.swift; path = Encodable.swift; sourceTree = "<group>"; };
		C4FE49FE25F6440F0076EF5E /* Options.swift */ = {isa = PBXFileReference; lastKnownFileType = sourcecode.swift; path = Options.swift; sourceTree = "<group>"; };
		C4FE4A0425F66E2C0076EF5E /* Defaults.swift */ = {isa = PBXFileReference; lastKnownFileType = sourcecode.swift; path = Defaults.swift; sourceTree = "<group>"; };
/* End PBXFileReference section */

/* Begin PBXFrameworksBuildPhase section */
		C40A3AF825DC01180016EB6D /* Frameworks */ = {
			isa = PBXFrameworksBuildPhase;
			buildActionMask = 2147483647;
			files = (
				C4B2F99726296AAE00CC5430 /* CSVParser in Frameworks */,
				C499B3342650EAD600581AD0 /* OptGetter in Frameworks */,
			);
			runOnlyForDeploymentPostprocessing = 0;
		};
		C48B822425E28F7E00EAEAE3 /* Frameworks */ = {
			isa = PBXFrameworksBuildPhase;
			buildActionMask = 2147483647;
			files = (
				C4B2F9A826297EDD00CC5430 /* CSVParser in Frameworks */,
				C4569DB826523C6600D74DBD /* OptGetter in Frameworks */,
			);
			runOnlyForDeploymentPostprocessing = 0;
		};
/* End PBXFrameworksBuildPhase section */

/* Begin PBXGroup section */
		C40A3AF225DC01180016EB6D = {
			isa = PBXGroup;
			children = (
				C45053C025F0E865003FC346 /* appinfo.swift */,
				C45323DC25F7F7C0007D741C /* Docs */,
				C40A3AFD25DC01180016EB6D /* csv2 */,
				C48B822825E28F7E00EAEAE3 /* csv2Tests */,
				C40A3AFC25DC01180016EB6D /* Products */,
				C4B2F9A626297EDD00CC5430 /* Frameworks */,
			);
			sourceTree = "<group>";
		};
		C40A3AFC25DC01180016EB6D /* Products */ = {
			isa = PBXGroup;
			children = (
				C40A3AFB25DC01180016EB6D /* csv2 */,
				C48B822725E28F7E00EAEAE3 /* csv2Tests.xctest */,
			);
			name = Products;
			sourceTree = "<group>";
		};
		C40A3AFD25DC01180016EB6D /* csv2 */ = {
			isa = PBXGroup;
			children = (
				C4569DB0265180B200D74DBD /* help.swift */,
				C40A3AFE25DC01180016EB6D /* main.swift */,
				C460B666261B3A590051BB80 /* Plotter.swift */,
				C4BDCFB4261E156200D8C589 /* Canvas */,
				C49A0DC5264942AF00CF7E22 /* CG */,
				C4F8F86D261C356F00DF76AE /* Common */,
				C4F8F87B261C37E900DF76AE /* CSV */,
				C4507813263E9F7700308C1D /* Extensions */,
				C4AD7F6E2659860700CABB29 /* ListAndShow */,
				C4EFA4AF26202C250026BD9A /* OptGetter */,
				C49A0DB82648275D00CF7E22 /* PDF */,
				C4F8F873261C372900DF76AE /* Plot */,
				C4B2F9BE262C175300CC5430 /* PNG */,
				C4CF2A0B2636EEFD00E858D1 /* Positions */,
				C4C0C47C2612DF500072699C /* Settings */,
				C453240125F938D0007D741C /* SVG */,
				C453243025FA5DD6007D741C /* Utils */,
			);
			path = csv2;
			sourceTree = "<group>";
		};
		C4507813263E9F7700308C1D /* Extensions */ = {
			isa = PBXGroup;
			children = (
				C450781A263EA0ED00308C1D /* CGPoint.swift */,
				C4507816263E9FED00308C1D /* Double.swift */,
				C4507814263E9F9400308C1D /* Int.swift */,
				C4569DA82651369900D74DBD /* OptGetter.swift */,
				C4507818263EA08300308C1D /* OptionSet.swift */,
				C453242B25FA5D99007D741C /* Other.swift */,
			);
			path = Extensions;
			sourceTree = "<group>";
		};
		C45323DC25F7F7C0007D741C /* Docs */ = {
			isa = PBXGroup;
			children = (
				C49CC5192639DB4C0006FAC8 /* docs */,
				C4C0C4BF2615A1E80072699C /* examples */,
				C492BE0F25F3A2A10042A11E /* README.md */,
			);
			name = Docs;
			sourceTree = "<group>";
		};
		C453240125F938D0007D741C /* SVG */ = {
			isa = PBXGroup;
			children = (
				C46A3A7125DE8B4C00F6783A /* SVG.swift */,
				C4B2F9AD262B286400CC5430 /* SVGout.swift */,
				C460B672261CD5CD0051BB80 /* SVGplotter.swift */,
				C4C0C461260E589A0072699C /* SVGstyle.swift */,
				C460B676261DA8B30051BB80 /* Tags.swift */,
			);
			path = SVG;
			sourceTree = "<group>";
		};
		C453243025FA5DD6007D741C /* Utils */ = {
			isa = PBXGroup;
			children = (
				C46ADD0F260714DA0046F427 /* Bitmap.swift */,
				C4CF2A2A26371B3F00E858D1 /* DoIf.swift */,
				C46ADD2026074CD60046F427 /* RandomCSV.swift */,
				C45323E525F8CCC8007D741C /* Readlines.swift */,
				C45323CA25F77F01007D741C /* ReflectedStringConvertable.swift */,
				C4C0C4B6261458F10072699C /* SearchPath.swift */,
				C482B9FC25EE8D4D00E51A50 /* stderr.swift */,
			);
			path = Utils;
			sourceTree = "<group>";
		};
		C48B822825E28F7E00EAEAE3 /* csv2Tests */ = {
			isa = PBXGroup;
			children = (
				C48B822925E28F7E00EAEAE3 /* csv2Tests.swift */,
				C4B2F9FB2631B3F300CC5430 /* csv2Tests2.swift */,
				C48B822B25E28F7E00EAEAE3 /* Info.plist */,
			);
			path = csv2Tests;
			sourceTree = "<group>";
		};
		C49A0DB82648275D00CF7E22 /* PDF */ = {
			isa = PBXGroup;
			children = (
				C49A0DB92648278300CF7E22 /* PDF.swift */,
				C49A0DC226491BAD00CF7E22 /* PDFActions.swift */,
				C49A0DBC264827D600CF7E22 /* PDFPlotter.swift */,
				C49A0DBF26491B5A00CF7E22 /* PDFPlotterPage.swift */,
			);
			path = PDF;
			sourceTree = "<group>";
		};
		C49A0DC5264942AF00CF7E22 /* CG */ = {
			isa = PBXGroup;
			children = (
				C4B2F9E2262EC7C200CC5430 /* CGlogo.swift */,
				C4B2F9CB262C27B700CC5430 /* CGplotPath.swift */,
				C4B2F9D2262C6BC000CC5430 /* CGplotText.swift */,
			);
			path = CG;
			sourceTree = "<group>";
		};
		C4AD7F6E2659860700CABB29 /* ListAndShow */ = {
			isa = PBXGroup;
			children = (
				C45E3268265A8A6200F15354 /* List.swift */,
				C422C5C32608D0CC00676912 /* ShowColoursList.swift */,
				C4F1B3932609DFFA0035AC62 /* ShowDashesList.swift */,
				C453244C25FBEBA6007D741C /* ShowShape.swift */,
			);
			path = ListAndShow;
			sourceTree = "<group>";
		};
		C4B2F9A626297EDD00CC5430 /* Frameworks */ = {
			isa = PBXGroup;
			children = (
			);
			name = Frameworks;
			sourceTree = "<group>";
		};
		C4B2F9BE262C175300CC5430 /* PNG */ = {
			isa = PBXGroup;
			children = (
				C4B2F9BF262C177900CC5430 /* PNG.swift */,
				C4B2F9C6262C17D100CC5430 /* PNGPlotter.swift */,
				C4FA425B265E454800D999CC /* PNGout.swift */,
			);
			path = PNG;
			sourceTree = "<group>";
		};
		C4BDCFB4261E156200D8C589 /* Canvas */ = {
			isa = PBXGroup;
			children = (
				C4EFA4C22620D5C40026BD9A /* CTX.swift */,
				C4BDCFB5261E156F00D8C589 /* Canvas.swift */,
				C4B2F9B4262B488400CC5430 /* CanvasOut.swift */,
				C4EFA4BA2620A92B0026BD9A /* Canvasplotter.swift */,
				C4EFA4BE2620D42C0026BD9A /* Path2D.swift */,
			);
			path = Canvas;
			sourceTree = "<group>";
		};
		C4C0C47C2612DF500072699C /* Settings */ = {
			isa = PBXGroup;
			children = (
				C4C0C4852612E82A0072699C /* CodingKeys.swift */,
				C48B03902660AA9900C6671F /* DictSetValues.swift */,
				C48B039626612F0100C6671F /* GetSet.swift */,
				C4C0C4892612FBCD0072699C /* KeyedValue.swift */,
				C48B039326611D3F00C6671F /* Nested.swift */,
				C49B7D6C25DC03B500CEAB8C /* Settings.swift */,
			);
			path = Settings;
			sourceTree = "<group>";
		};
		C4CF2A0B2636EEFD00E858D1 /* Positions */ = {
			isa = PBXGroup;
			children = (
				C45323F125F8F157007D741C /* Horizontal.swift */,
				C4CF2A202637177100E858D1 /* PieChart.swift */,
				C4CF2A102636EF9600E858D1 /* Positions.swift */,
			);
			path = Positions;
			sourceTree = "<group>";
		};
		C4EFA4AF26202C250026BD9A /* OptGetter */ = {
			isa = PBXGroup;
			children = (
				C4EFA4B026202C600026BD9A /* Commands.swift */,
				C4FE4A0425F66E2C0076EF5E /* Defaults.swift */,
				C4FA425E265FE42300D999CC /* Encodable.swift */,
				C4AD7F72265A0E6700CABB29 /* ExecCommand.swift */,
				C499B3372650FD9900581AD0 /* KeyTag.swift */,
				C4569DAA2651760400D74DBD /* OptConvertor.swift */,
				C4FE49FE25F6440F0076EF5E /* Options.swift */,
				C42782B42655318E004C3464 /* OptsToGet.swift */,
				C4569DAD265177DC00D74DBD /* OptionsGet.swift */,
				C4FA4254265CE9CD00D999CC /* Usage.swift */,
			);
			path = OptGetter;
			sourceTree = "<group>";
		};
		C4F8F86D261C356F00DF76AE /* Common */ = {
			isa = PBXGroup;
			children = (
				C4EFA4D5262364EC0026BD9A /* Bar.swift */,
				C4834ADC2637C7D60072C574 /* ChartType.swift */,
				C4EA5D2725EB8F4D00E104E0 /* Colours.swift */,
				C4EFA4F4262491BB0026BD9A /* ColourTranslate.swift */,
				C4F20C102601DF4D005D2FE1 /* Dashes.swift */,
				C453242425FA2C23007D741C /* DrawShapes.swift */,
				C4C0C471260F85E40072699C /* Fonts.swift */,
				C4B2F9ED263025FB00CC5430 /* Path.swift */,
				C4255F3E25E423A7002DFE80 /* PathCompenent.swift */,
				C40CD44025ED2390003944FA /* Plane.swift */,
				C45323FA25F90359007D741C /* PlotInfo.swift */,
				C49CC51A263A9A670006FAC8 /* PlotOptions.swift */,
				C4CF29FF263556EE00E858D1 /* Point.swift */,
				C4507810263DA32000308C1D /* PointPosition.swift */,
				C4B2FA042633F3D500CC5430 /* RGBAu8.swift */,
				C4B2FA092634863000CC5430 /* RGBAu8Lookup.swift */,
				C453243725FA7968007D741C /* Shapes.swift */,
				C480847F25E6776900BD0A24 /* Sides.swift */,
				C4F20C0726012A67005D2FE1 /* Styles.swift */,
				C42A6E3B261EDBED00784F54 /* Transform.swift */,
				C4EA5D1E25EB7B8A00E104E0 /* TransScale.swift */,
				C4CF29FB263556B400E858D1 /* Vector.swift */,
				C402620825FF3E1D0042AEA5 /* XI.swift */,
			);
			path = Common;
			sourceTree = "<group>";
		};
		C4F8F873261C372900DF76AE /* Plot */ = {
			isa = PBXGroup;
			children = (
				C40CD42B25ECD60F003944FA /* Axes.swift */,
				C4EFA4EB26236F3E0026BD9A /* BarGet.swift */,
				C422C5CB2608D58500676912 /* ColoursList.swift */,
				C480847B25E4E97300BD0A24 /* ColumnPlot.swift */,
				C4F1B3972609E0670035AC62 /* DashesList.swift */,
				C45323EC25F8EF0D007D741C /* Gen.swift */,
				C4F20C1526027B7C005D2FE1 /* Legends.swift */,
				C4CF2A0326368F5600E858D1 /* Pie.swift */,
				C4F8F874261C375C00DF76AE /* Plot.swift */,
				C446E81125F4BE4B007B1A05 /* PlotCommon.swift */,
				C4B2F9DB262E947000CC5430 /* Rect.swift */,
				C446E80825F4BAA3007B1A05 /* RowPlot.swift */,
				C4EFA4C826215D650026BD9A /* StylesList.swift */,
				C49A7EC825EBCE7300503486 /* Text.swift */,
				C4B2F967262576FF00CC5430 /* XIlist.swift */,
			);
			path = Plot;
			sourceTree = "<group>";
		};
		C4F8F87B261C37E900DF76AE /* CSV */ = {
			isa = PBXGroup;
			children = (
				C49B7D6F25DC055400CEAB8C /* CSV.swift */,
				C40CD43925ED025F003944FA /* Header.swift */,
			);
			path = CSV;
			sourceTree = "<group>";
		};
/* End PBXGroup section */

/* Begin PBXNativeTarget section */
		C40A3AFA25DC01180016EB6D /* csv2 */ = {
			isa = PBXNativeTarget;
			buildConfigurationList = C40A3B0225DC01180016EB6D /* Build configuration list for PBXNativeTarget "csv2" */;
			buildPhases = (
				C45053B125F0C9C4003FC346 /* ShellScript */,
				C40A3AF725DC01180016EB6D /* Sources */,
				C407EA8325EF984D009E18E7 /* ShellScript */,
				C40A3AF825DC01180016EB6D /* Frameworks */,
				C4448A7E25F1258400F23CB1 /* Run Script */,
			);
			buildRules = (
			);
			dependencies = (
			);
			name = csv2;
			packageProductDependencies = (
				C4B2F99626296AAE00CC5430 /* CSVParser */,
				C499B3332650EAD600581AD0 /* OptGetter */,
			);
			productName = csv2svg;
			productReference = C40A3AFB25DC01180016EB6D /* csv2 */;
			productType = "com.apple.product-type.tool";
		};
		C48B822625E28F7E00EAEAE3 /* csv2Tests */ = {
			isa = PBXNativeTarget;
			buildConfigurationList = C48B822E25E28F7E00EAEAE3 /* Build configuration list for PBXNativeTarget "csv2Tests" */;
			buildPhases = (
				C48B822325E28F7E00EAEAE3 /* Sources */,
				C48B822425E28F7E00EAEAE3 /* Frameworks */,
				C48B822525E28F7E00EAEAE3 /* Resources */,
				C407EA7F25EF6CEC009E18E7 /* ShellScript */,
			);
			buildRules = (
			);
			dependencies = (
				C499B3362650EAF500581AD0 /* PBXTargetDependency */,
				C4B2F9A126297E9900CC5430 /* PBXTargetDependency */,
			);
			name = csv2Tests;
			packageProductDependencies = (
				C4B2F9A726297EDD00CC5430 /* CSVParser */,
				C4569DB726523C6600D74DBD /* OptGetter */,
			);
			productName = csv2svgTests;
			productReference = C48B822725E28F7E00EAEAE3 /* csv2Tests.xctest */;
			productType = "com.apple.product-type.bundle.unit-test";
		};
/* End PBXNativeTarget section */

/* Begin PBXProject section */
		C40A3AF325DC01180016EB6D /* Project object */ = {
			isa = PBXProject;
			attributes = {
				LastSwiftUpdateCheck = 1240;
				LastUpgradeCheck = 1240;
				TargetAttributes = {
					C40A3AFA25DC01180016EB6D = {
						CreatedOnToolsVersion = 12.4;
					};
					C48B822625E28F7E00EAEAE3 = {
						CreatedOnToolsVersion = 12.4;
					};
				};
			};
			buildConfigurationList = C40A3AF625DC01180016EB6D /* Build configuration list for PBXProject "csv2" */;
			compatibilityVersion = "Xcode 9.3";
			developmentRegion = en;
			hasScannedForEncodings = 0;
			knownRegions = (
				en,
				Base,
			);
			mainGroup = C40A3AF225DC01180016EB6D;
			packageReferences = (
				C4B2F99526296AAE00CC5430 /* XCRemoteSwiftPackageReference "CSVParser" */,
				C499B3322650EAD600581AD0 /* XCRemoteSwiftPackageReference "OptGetter" */,
			);
			productRefGroup = C40A3AFC25DC01180016EB6D /* Products */;
			projectDirPath = "";
			projectRoot = "";
			targets = (
				C40A3AFA25DC01180016EB6D /* csv2 */,
				C48B822625E28F7E00EAEAE3 /* csv2Tests */,
			);
		};
/* End PBXProject section */

/* Begin PBXResourcesBuildPhase section */
		C48B822525E28F7E00EAEAE3 /* Resources */ = {
			isa = PBXResourcesBuildPhase;
			buildActionMask = 2147483647;
			files = (
				C4C0C4C02615A1E90072699C /* examples in Resources */,
			);
			runOnlyForDeploymentPostprocessing = 0;
		};
/* End PBXResourcesBuildPhase section */

/* Begin PBXShellScriptBuildPhase section */
		C407EA7F25EF6CEC009E18E7 /* ShellScript */ = {
			isa = PBXShellScriptBuildPhase;
			buildActionMask = 2147483647;
			files = (
			);
			inputFileListPaths = (
			);
			inputPaths = (
			);
			outputFileListPaths = (
			);
			outputPaths = (
			);
			runOnlyForDeploymentPostprocessing = 0;
			shellPath = /bin/sh;
			shellScript = "if which swiftlint >/dev/null\nthen\n  swiftlint\nelse\n  echo \"warning: SwiftLint not installed, download from https://github.com/realm/SwiftLint\"\nfi\n";
		};
		C407EA8325EF984D009E18E7 /* ShellScript */ = {
			isa = PBXShellScriptBuildPhase;
			buildActionMask = 2147483647;
			files = (
			);
			inputFileListPaths = (
			);
			inputPaths = (
			);
			outputFileListPaths = (
			);
			outputPaths = (
			);
			runOnlyForDeploymentPostprocessing = 0;
			shellPath = /bin/sh;
			shellScript = "if which swiftlint >/dev/null\nthen\n  swiftlint\nelse\n  echo \"warning: SwiftLint not installed, download from https://github.com/realm/SwiftLint\"\nfi\n";
		};
		C4448A7E25F1258400F23CB1 /* Run Script */ = {
			isa = PBXShellScriptBuildPhase;
			alwaysOutOfDate = 1;
			buildActionMask = 2147483647;
			files = (
			);
			inputFileListPaths = (
			);
			inputPaths = (
			);
			name = "Run Script";
			outputFileListPaths = (
			);
			outputPaths = (
			);
			runOnlyForDeploymentPostprocessing = 0;
			shellPath = /bin/sh;
			shellScript = "[[ -d test ]] || mkdir test\nln -sf \"$BUILT_PRODUCTS_DIR/csv2\" test/csv2\n";
		};
		C45053B125F0C9C4003FC346 /* ShellScript */ = {
			isa = PBXShellScriptBuildPhase;
			alwaysOutOfDate = 1;
			buildActionMask = 2147483647;
			files = (
			);
			inputFileListPaths = (
			);
			inputPaths = (
			);
			outputFileListPaths = (
			);
			outputPaths = (
			);
			runOnlyForDeploymentPostprocessing = 0;
			shellPath = /bin/bash;
			shellScript = "if [[ -x ${PROJECT_DIR}/scripts/autoversion.sh ]]\nthen\n    ${PROJECT_DIR}/scripts/autoversion.sh csv2\nelse\n    echo autoversion.sh missing >&2\nfi\n";
		};
/* End PBXShellScriptBuildPhase section */

/* Begin PBXSourcesBuildPhase section */
		C40A3AF725DC01180016EB6D /* Sources */ = {
			isa = PBXSourcesBuildPhase;
			buildActionMask = 2147483647;
			files = (
				C45323FB25F90359007D741C /* PlotInfo.swift in Sources */,
				C499B3382650FD9900581AD0 /* KeyTag.swift in Sources */,
				C45053C125F0E865003FC346 /* appinfo.swift in Sources */,
				C46A3A7225DE8B4C00F6783A /* SVG.swift in Sources */,
				C4FE4A0525F66E2C0076EF5E /* Defaults.swift in Sources */,
				C4B2F968262576FF00CC5430 /* XIlist.swift in Sources */,
				C446E80925F4BAA3007B1A05 /* RowPlot.swift in Sources */,
				C4507811263DA32000308C1D /* PointPosition.swift in Sources */,
				C4569DA92651369900D74DBD /* OptGetter.swift in Sources */,
				C4C0C48A2612FBCD0072699C /* KeyedValue.swift in Sources */,
				C4B2F9AE262B286400CC5430 /* SVGout.swift in Sources */,
				C46ADD2126074CD60046F427 /* RandomCSV.swift in Sources */,
				C480847C25E4E97300BD0A24 /* ColumnPlot.swift in Sources */,
				C4B2FA0A2634863000CC5430 /* RGBAu8Lookup.swift in Sources */,
				C4F20C112601DF4D005D2FE1 /* Dashes.swift in Sources */,
				C4FA425F265FE42300D999CC /* Encodable.swift in Sources */,
				C4FE49FF25F6440F0076EF5E /* Options.swift in Sources */,
				C49B7D6D25DC03B500CEAB8C /* Settings.swift in Sources */,
				C49A0DBD264827D600CF7E22 /* PDFPlotter.swift in Sources */,
				C4B2F9C0262C177900CC5430 /* PNG.swift in Sources */,
				C4B2FA052633F3D500CC5430 /* RGBAu8.swift in Sources */,
				C4B2F9DC262E947000CC5430 /* Rect.swift in Sources */,
				C4CF2A112636EF9600E858D1 /* Positions.swift in Sources */,
				C49A0DC326491BAD00CF7E22 /* PDFActions.swift in Sources */,
				C4EFA4D6262364EC0026BD9A /* Bar.swift in Sources */,
				C4CF2A2B26371B3F00E858D1 /* DoIf.swift in Sources */,
				C4CF2A00263556EE00E858D1 /* Point.swift in Sources */,
				C453244D25FBEBA6007D741C /* ShowShape.swift in Sources */,
				C4C0C462260E589A0072699C /* SVGstyle.swift in Sources */,
				C4F20C1626027B7C005D2FE1 /* Legends.swift in Sources */,
				C4EFA4F5262491BB0026BD9A /* ColourTranslate.swift in Sources */,
				C4B2F9D3262C6BC000CC5430 /* CGplotText.swift in Sources */,
				C453242525FA2C23007D741C /* DrawShapes.swift in Sources */,
				C42A6E3C261EDBED00784F54 /* Transform.swift in Sources */,
				C4507819263EA08300308C1D /* OptionSet.swift in Sources */,
				C4834ADD2637C7D60072C574 /* ChartType.swift in Sources */,
				C4569DAB2651760400D74DBD /* OptConvertor.swift in Sources */,
				C49CC51B263A9A670006FAC8 /* PlotOptions.swift in Sources */,
				C480848025E6776900BD0A24 /* Sides.swift in Sources */,
				C453242C25FA5D99007D741C /* Other.swift in Sources */,
				C4B2F9CC262C27B700CC5430 /* CGplotPath.swift in Sources */,
				C4EFA4BF2620D42C0026BD9A /* Path2D.swift in Sources */,
				C4569DAE265177DC00D74DBD /* OptionsGet.swift in Sources */,
				C48B03912660AA9900C6671F /* DictSetValues.swift in Sources */,
				C4EFA4EC26236F3E0026BD9A /* BarGet.swift in Sources */,
				C4FA425C265E454800D999CC /* PNGout.swift in Sources */,
				C453243825FA7968007D741C /* Shapes.swift in Sources */,
				C4C0C4862612E82A0072699C /* CodingKeys.swift in Sources */,
				C40CD42C25ECD60F003944FA /* Axes.swift in Sources */,
				C4CF29FC263556B400E858D1 /* Vector.swift in Sources */,
				C48B039726612F0100C6671F /* GetSet.swift in Sources */,
				C4CF2A0426368F5600E858D1 /* Pie.swift in Sources */,
				C4AD7F73265A0E6700CABB29 /* ExecCommand.swift in Sources */,
				C4B2F9E3262EC7C200CC5430 /* CGlogo.swift in Sources */,
				C49A0DBA2648278300CF7E22 /* PDF.swift in Sources */,
				C4B2F9EE263025FB00CC5430 /* Path.swift in Sources */,
				C446E81225F4BE4B007B1A05 /* PlotCommon.swift in Sources */,
				C4C0C472260F85E40072699C /* Fonts.swift in Sources */,
				C4EFA4BB2620A92B0026BD9A /* Canvasplotter.swift in Sources */,
				C402620925FF3E1D0042AEA5 /* XI.swift in Sources */,
				C49A7EC925EBCE7300503486 /* Text.swift in Sources */,
				C48B039426611D3F00C6671F /* Nested.swift in Sources */,
				C4EFA4B126202C600026BD9A /* Commands.swift in Sources */,
				C40CD44125ED2390003944FA /* Plane.swift in Sources */,
				C42782B52655318E004C3464 /* OptsToGet.swift in Sources */,
				C422C5CC2608D58500676912 /* ColoursList.swift in Sources */,
				C4F20C0826012A67005D2FE1 /* Styles.swift in Sources */,
				C450781B263EA0ED00308C1D /* CGPoint.swift in Sources */,
				C45323E625F8CCC8007D741C /* Readlines.swift in Sources */,
				C40CD43A25ED025F003944FA /* Header.swift in Sources */,
				C4CF2A212637177100E858D1 /* PieChart.swift in Sources */,
				C4507815263E9F9400308C1D /* Int.swift in Sources */,
				C49A0DC026491B5A00CF7E22 /* PDFPlotterPage.swift in Sources */,
				C460B673261CD5CD0051BB80 /* SVGplotter.swift in Sources */,
				C460B677261DA8B30051BB80 /* Tags.swift in Sources */,
				C4F1B3982609E0670035AC62 /* DashesList.swift in Sources */,
				C45323ED25F8EF0D007D741C /* Gen.swift in Sources */,
				C40A3AFF25DC01180016EB6D /* main.swift in Sources */,
				C4F8F875261C375C00DF76AE /* Plot.swift in Sources */,
				C4BDCFB6261E156F00D8C589 /* Canvas.swift in Sources */,
				C49B7D7025DC055400CEAB8C /* CSV.swift in Sources */,
				C4EFA4C926215D650026BD9A /* StylesList.swift in Sources */,
				C460B667261B3A590051BB80 /* Plotter.swift in Sources */,
				C4EA5D2825EB8F4D00E104E0 /* Colours.swift in Sources */,
				C45323CB25F77F01007D741C /* ReflectedStringConvertable.swift in Sources */,
				C46ADD10260714DA0046F427 /* Bitmap.swift in Sources */,
				C4B2F9C7262C17D100CC5430 /* PNGPlotter.swift in Sources */,
				C45E3269265A8A6200F15354 /* List.swift in Sources */,
				C482B9FD25EE8D4D00E51A50 /* stderr.swift in Sources */,
				C45323F225F8F157007D741C /* Horizontal.swift in Sources */,
				C4C0C4B7261458F10072699C /* SearchPath.swift in Sources */,
				C4B2F9B5262B488400CC5430 /* CanvasOut.swift in Sources */,
				C4569DB1265180B200D74DBD /* help.swift in Sources */,
				C4EA5D1F25EB7B8A00E104E0 /* TransScale.swift in Sources */,
				C4F1B3942609DFFA0035AC62 /* ShowDashesList.swift in Sources */,
				C4255F3F25E423A7002DFE80 /* PathCompenent.swift in Sources */,
				C422C5C42608D0CC00676912 /* ShowColoursList.swift in Sources */,
				C4507817263E9FED00308C1D /* Double.swift in Sources */,
				C4EFA4C32620D5C40026BD9A /* CTX.swift in Sources */,
				C4FA4255265CE9CD00D999CC /* Usage.swift in Sources */,
			);
			runOnlyForDeploymentPostprocessing = 0;
		};
		C48B822325E28F7E00EAEAE3 /* Sources */ = {
			isa = PBXSourcesBuildPhase;
			buildActionMask = 2147483647;
			files = (
				C48B823625E2967100EAEAE3 /* Settings.swift in Sources */,
				C4B2F9C1262C177900CC5430 /* PNG.swift in Sources */,
				C4F20C122601DF4D005D2FE1 /* Dashes.swift in Sources */,
				C4EFA4AA261EEBCB0026BD9A /* Tags.swift in Sources */,
				C4C0C48B2612FBCD0072699C /* KeyedValue.swift in Sources */,
				C45323EE25F8EF0D007D741C /* Gen.swift in Sources */,
				C4CF2A1D2637147C00E858D1 /* Vector.swift in Sources */,
				C4507812263DA46400308C1D /* PointPosition.swift in Sources */,
				C4FA425A265E43FD00D999CC /* ColoursList.swift in Sources */,
				C4AD7F75265A120400CABB29 /* ShowDashesList.swift in Sources */,
				C480848325E6809400BD0A24 /* Sides.swift in Sources */,
				C4CF2A142637142B00E858D1 /* Positions.swift in Sources */,
				C46ADD11260714DA0046F427 /* Bitmap.swift in Sources */,
				C499B3392650FD9900581AD0 /* KeyTag.swift in Sources */,
				C4507820263EB3EE00308C1D /* Other.swift in Sources */,
				C4255F4725E428B5002DFE80 /* SVG.swift in Sources */,
				C45323E725F8CCC8007D741C /* Readlines.swift in Sources */,
				C450781F263EB3E800308C1D /* OptionSet.swift in Sources */,
				C424513E25E980A7005BE7DC /* ColumnPlot.swift in Sources */,
				C4EFA4DF26236B7A0026BD9A /* Canvas.swift in Sources */,
				C45323F325F8F157007D741C /* Horizontal.swift in Sources */,
				C4B2F9FD2631B3F300CC5430 /* csv2Tests2.swift in Sources */,
				C4EFA4DC26236B500026BD9A /* StylesList.swift in Sources */,
				C48B723825F28A5E00B0752E /* appinfo.swift in Sources */,
				C40CD43625ED007A003944FA /* Axes.swift in Sources */,
				C4CF2A172637145700E858D1 /* Pie.swift in Sources */,
				C49CC51C263A9A670006FAC8 /* PlotOptions.swift in Sources */,
				C49A0DC126491B5A00CF7E22 /* PDFPlotterPage.swift in Sources */,
				C449F44F25EC1325006C67EB /* Text.swift in Sources */,
				C4B2F9AF262B286400CC5430 /* SVGout.swift in Sources */,
				C4F20C1726027B7C005D2FE1 /* Legends.swift in Sources */,
				C446E81D25F4E0F7007B1A05 /* PlotCommon.swift in Sources */,
				C4B2F9EF263025FB00CC5430 /* Path.swift in Sources */,
				C4834ADE2637C7D60072C574 /* ChartType.swift in Sources */,
				C4AD7F74265A0E6700CABB29 /* ExecCommand.swift in Sources */,
				C4F20C0926012A67005D2FE1 /* Styles.swift in Sources */,
				C4569DAC2651760400D74DBD /* OptConvertor.swift in Sources */,
				C4CF2A2C26371B3F00E858D1 /* DoIf.swift in Sources */,
				C48B039826612F0100C6671F /* GetSet.swift in Sources */,
				C40CD44225ED2390003944FA /* Plane.swift in Sources */,
				C4C0C469260F2E530072699C /* SVGstyle.swift in Sources */,
				C4CF2A1A2637147800E858D1 /* Point.swift in Sources */,
				C450781D263EB3CF00308C1D /* Double.swift in Sources */,
				C40CD43D25ED02BE003944FA /* Header.swift in Sources */,
				C4FA4258265E435800D999CC /* List.swift in Sources */,
				C4B2FA0B2634863000CC5430 /* RGBAu8Lookup.swift in Sources */,
				C4C0C4B8261458F10072699C /* SearchPath.swift in Sources */,
				C4255F4425E428B0002DFE80 /* PathCompenent.swift in Sources */,
				C4B2F9CD262C27B700CC5430 /* CGplotPath.swift in Sources */,
				C42782B62655318E004C3464 /* OptsToGet.swift in Sources */,
				C4EFA4E226236B810026BD9A /* Canvasplotter.swift in Sources */,
				C48B822A25E28F7E00EAEAE3 /* csv2Tests.swift in Sources */,
				C4C0C4752610C39B0072699C /* Fonts.swift in Sources */,
				C450781E263EB3E000308C1D /* Int.swift in Sources */,
				C450781C263EA0ED00308C1D /* CGPoint.swift in Sources */,
				C49A0DBE264827D600CF7E22 /* PDFPlotter.swift in Sources */,
				C4B2F98926272A4C00CC5430 /* ColourTranslate.swift in Sources */,
				C4569DB626523C1A00D74DBD /* Commands.swift in Sources */,
				C4F8F876261C375C00DF76AE /* Plot.swift in Sources */,
				C4FA4260265FE42300D999CC /* Encodable.swift in Sources */,
				C4EFA4A4261EEBA70026BD9A /* Plotter.swift in Sources */,
				C4569DB526523C0D00D74DBD /* OptGetter.swift in Sources */,
				C4569DAF265177DC00D74DBD /* OptionsGet.swift in Sources */,
				C4569DB326523C0100D74DBD /* Options.swift in Sources */,
				C4FA425D265E454800D999CC /* PNGout.swift in Sources */,
				C45323D425F7C6D6007D741C /* ReflectedStringConvertable.swift in Sources */,
				C4FA4256265E433400D999CC /* DashesList.swift in Sources */,
				C4569DB2265180B200D74DBD /* help.swift in Sources */,
				C4B2F96B2625770300CC5430 /* XIlist.swift in Sources */,
				C446E80E25F4BAC1007B1A05 /* RowPlot.swift in Sources */,
				C4CF2A222637177100E858D1 /* PieChart.swift in Sources */,
				C48B03922660AA9900C6671F /* DictSetValues.swift in Sources */,
				C4EA5D2B25EB90C900E104E0 /* Colours.swift in Sources */,
				C4EFA4CC262166700026BD9A /* CTX.swift in Sources */,
				C4B2F9B6262B488400CC5430 /* CanvasOut.swift in Sources */,
				C4FA4257265E434A00D999CC /* RandomCSV.swift in Sources */,
				C4AD7F76265A120400CABB29 /* ShowColoursList.swift in Sources */,
				C407EA8625EF98BA009E18E7 /* stderr.swift in Sources */,
				C4B2FA062633F3D500CC5430 /* RGBAu8.swift in Sources */,
				C4EA5D2225EB7DFD00E104E0 /* TransScale.swift in Sources */,
				C4EFA4A7261EEBC50026BD9A /* SVGplotter.swift in Sources */,
				C48B039526611D3F00C6671F /* Nested.swift in Sources */,
				C4BDCFBD261EFA0600D8C589 /* Transform.swift in Sources */,
				C4B2F9C8262C17D100CC5430 /* PNGPlotter.swift in Sources */,
				C453242625FA2C23007D741C /* DrawShapes.swift in Sources */,
				C49A0DC426491BAD00CF7E22 /* PDFActions.swift in Sources */,
				C4B2F9DD262E947000CC5430 /* Rect.swift in Sources */,
				C4EFA4EF2623710A0026BD9A /* BarGet.swift in Sources */,
				C49A0DBB2648278700CF7E22 /* PDF.swift in Sources */,
				C4EFA4E526236B850026BD9A /* Path2D.swift in Sources */,
				C4C0C495261300000072699C /* CodingKeys.swift in Sources */,
				C453243925FA7968007D741C /* Shapes.swift in Sources */,
				C4EFA4D926236B240026BD9A /* Bar.swift in Sources */,
				C402620A25FF3E1D0042AEA5 /* XI.swift in Sources */,
				C48B823925E29A5600EAEAE3 /* CSV.swift in Sources */,
				C4B2F98C26272AA500CC5430 /* Defaults.swift in Sources */,
				C45323FC25F90359007D741C /* PlotInfo.swift in Sources */,
				C453244E25FBEBA6007D741C /* ShowShape.swift in Sources */,
				C4B2F9E4262EC7C200CC5430 /* CGlogo.swift in Sources */,
				C4B2F9D4262C6BC000CC5430 /* CGplotText.swift in Sources */,
				C4FA4259265E436F00D999CC /* Usage.swift in Sources */,
			);
			runOnlyForDeploymentPostprocessing = 0;
		};
/* End PBXSourcesBuildPhase section */

/* Begin PBXTargetDependency section */
		C499B3362650EAF500581AD0 /* PBXTargetDependency */ = {
			isa = PBXTargetDependency;
			productRef = C499B3352650EAF500581AD0 /* OptGetter */;
		};
		C4B2F9A126297E9900CC5430 /* PBXTargetDependency */ = {
			isa = PBXTargetDependency;
			productRef = C4B2F9A026297E9900CC5430 /* CSVParser */;
		};
/* End PBXTargetDependency section */

/* Begin XCBuildConfiguration section */
		C40A3B0025DC01180016EB6D /* Debug */ = {
			isa = XCBuildConfiguration;
			buildSettings = {
				ALWAYS_SEARCH_USER_PATHS = NO;
				CLANG_ANALYZER_NONNULL = YES;
				CLANG_ANALYZER_NUMBER_OBJECT_CONVERSION = YES_AGGRESSIVE;
				CLANG_CXX_LANGUAGE_STANDARD = "gnu++14";
				CLANG_CXX_LIBRARY = "libc++";
				CLANG_ENABLE_MODULES = YES;
				CLANG_ENABLE_OBJC_ARC = YES;
				CLANG_ENABLE_OBJC_WEAK = YES;
				CLANG_WARN_BLOCK_CAPTURE_AUTORELEASING = YES;
				CLANG_WARN_BOOL_CONVERSION = YES;
				CLANG_WARN_COMMA = YES;
				CLANG_WARN_CONSTANT_CONVERSION = YES;
				CLANG_WARN_DEPRECATED_OBJC_IMPLEMENTATIONS = YES;
				CLANG_WARN_DIRECT_OBJC_ISA_USAGE = YES_ERROR;
				CLANG_WARN_DOCUMENTATION_COMMENTS = YES;
				CLANG_WARN_EMPTY_BODY = YES;
				CLANG_WARN_ENUM_CONVERSION = YES;
				CLANG_WARN_INFINITE_RECURSION = YES;
				CLANG_WARN_INT_CONVERSION = YES;
				CLANG_WARN_NON_LITERAL_NULL_CONVERSION = YES;
				CLANG_WARN_OBJC_IMPLICIT_RETAIN_SELF = YES;
				CLANG_WARN_OBJC_LITERAL_CONVERSION = YES;
				CLANG_WARN_OBJC_ROOT_CLASS = YES_ERROR;
				CLANG_WARN_QUOTED_INCLUDE_IN_FRAMEWORK_HEADER = YES;
				CLANG_WARN_RANGE_LOOP_ANALYSIS = YES;
				CLANG_WARN_STRICT_PROTOTYPES = YES;
				CLANG_WARN_SUSPICIOUS_MOVE = YES;
				CLANG_WARN_UNGUARDED_AVAILABILITY = YES_AGGRESSIVE;
				CLANG_WARN_UNREACHABLE_CODE = YES;
				CLANG_WARN__DUPLICATE_METHOD_MATCH = YES;
				COPY_PHASE_STRIP = NO;
				DEBUG_INFORMATION_FORMAT = dwarf;
				ENABLE_STRICT_OBJC_MSGSEND = YES;
				ENABLE_TESTABILITY = YES;
				GCC_C_LANGUAGE_STANDARD = gnu11;
				GCC_DYNAMIC_NO_PIC = NO;
				GCC_NO_COMMON_BLOCKS = YES;
				GCC_OPTIMIZATION_LEVEL = 0;
				GCC_PREPROCESSOR_DEFINITIONS = (
					"DEBUG=1",
					"$(inherited)",
				);
				GCC_WARN_64_TO_32_BIT_CONVERSION = YES;
				GCC_WARN_ABOUT_RETURN_TYPE = YES_ERROR;
				GCC_WARN_UNDECLARED_SELECTOR = YES;
				GCC_WARN_UNINITIALIZED_AUTOS = YES_AGGRESSIVE;
				GCC_WARN_UNUSED_FUNCTION = YES;
				GCC_WARN_UNUSED_VARIABLE = YES;
				MACOSX_DEPLOYMENT_TARGET = 10.15;
				MTL_ENABLE_DEBUG_INFO = INCLUDE_SOURCE;
				MTL_FAST_MATH = YES;
				ONLY_ACTIVE_ARCH = YES;
				SDKROOT = macosx;
				SWIFT_ACTIVE_COMPILATION_CONDITIONS = DEBUG;
				SWIFT_OPTIMIZATION_LEVEL = "-Onone";
			};
			name = Debug;
		};
		C40A3B0125DC01180016EB6D /* Release */ = {
			isa = XCBuildConfiguration;
			buildSettings = {
				ALWAYS_SEARCH_USER_PATHS = NO;
				CLANG_ANALYZER_NONNULL = YES;
				CLANG_ANALYZER_NUMBER_OBJECT_CONVERSION = YES_AGGRESSIVE;
				CLANG_CXX_LANGUAGE_STANDARD = "gnu++14";
				CLANG_CXX_LIBRARY = "libc++";
				CLANG_ENABLE_MODULES = YES;
				CLANG_ENABLE_OBJC_ARC = YES;
				CLANG_ENABLE_OBJC_WEAK = YES;
				CLANG_WARN_BLOCK_CAPTURE_AUTORELEASING = YES;
				CLANG_WARN_BOOL_CONVERSION = YES;
				CLANG_WARN_COMMA = YES;
				CLANG_WARN_CONSTANT_CONVERSION = YES;
				CLANG_WARN_DEPRECATED_OBJC_IMPLEMENTATIONS = YES;
				CLANG_WARN_DIRECT_OBJC_ISA_USAGE = YES_ERROR;
				CLANG_WARN_DOCUMENTATION_COMMENTS = YES;
				CLANG_WARN_EMPTY_BODY = YES;
				CLANG_WARN_ENUM_CONVERSION = YES;
				CLANG_WARN_INFINITE_RECURSION = YES;
				CLANG_WARN_INT_CONVERSION = YES;
				CLANG_WARN_NON_LITERAL_NULL_CONVERSION = YES;
				CLANG_WARN_OBJC_IMPLICIT_RETAIN_SELF = YES;
				CLANG_WARN_OBJC_LITERAL_CONVERSION = YES;
				CLANG_WARN_OBJC_ROOT_CLASS = YES_ERROR;
				CLANG_WARN_QUOTED_INCLUDE_IN_FRAMEWORK_HEADER = YES;
				CLANG_WARN_RANGE_LOOP_ANALYSIS = YES;
				CLANG_WARN_STRICT_PROTOTYPES = YES;
				CLANG_WARN_SUSPICIOUS_MOVE = YES;
				CLANG_WARN_UNGUARDED_AVAILABILITY = YES_AGGRESSIVE;
				CLANG_WARN_UNREACHABLE_CODE = YES;
				CLANG_WARN__DUPLICATE_METHOD_MATCH = YES;
				COPY_PHASE_STRIP = NO;
				DEBUG_INFORMATION_FORMAT = "dwarf-with-dsym";
				ENABLE_NS_ASSERTIONS = NO;
				ENABLE_STRICT_OBJC_MSGSEND = YES;
				GCC_C_LANGUAGE_STANDARD = gnu11;
				GCC_NO_COMMON_BLOCKS = YES;
				GCC_WARN_64_TO_32_BIT_CONVERSION = YES;
				GCC_WARN_ABOUT_RETURN_TYPE = YES_ERROR;
				GCC_WARN_UNDECLARED_SELECTOR = YES;
				GCC_WARN_UNINITIALIZED_AUTOS = YES_AGGRESSIVE;
				GCC_WARN_UNUSED_FUNCTION = YES;
				GCC_WARN_UNUSED_VARIABLE = YES;
				"INSTALL_PATH[sdk=macosx*]" = "~/bin";
				MACOSX_DEPLOYMENT_TARGET = 10.15;
				MTL_ENABLE_DEBUG_INFO = NO;
				MTL_FAST_MATH = YES;
				SDKROOT = macosx;
				SWIFT_COMPILATION_MODE = wholemodule;
				SWIFT_OPTIMIZATION_LEVEL = "-O";
			};
			name = Release;
		};
		C40A3B0325DC01180016EB6D /* Debug */ = {
			isa = XCBuildConfiguration;
			buildSettings = {
				CODE_SIGN_IDENTITY = "-";
				CODE_SIGN_STYLE = Automatic;
				PRODUCT_NAME = "$(TARGET_NAME)";
				SWIFT_ACTIVE_COMPILATION_CONDITIONS = "DEBUG SVG";
				SWIFT_VERSION = 5.0;
			};
			name = Debug;
		};
		C40A3B0425DC01180016EB6D /* Release */ = {
			isa = XCBuildConfiguration;
			buildSettings = {
				CODE_SIGN_IDENTITY = "-";
				CODE_SIGN_STYLE = Automatic;
				PRODUCT_NAME = "$(TARGET_NAME)";
				SWIFT_ACTIVE_COMPILATION_CONDITIONS = SVG;
				SWIFT_VERSION = 5.0;
			};
			name = Release;
		};
		C48B822C25E28F7E00EAEAE3 /* Debug */ = {
			isa = XCBuildConfiguration;
			buildSettings = {
				CODE_SIGN_STYLE = Automatic;
				COMBINE_HIDPI_IMAGES = YES;
				INFOPLIST_FILE = csv2Tests/Info.plist;
				LD_RUNPATH_SEARCH_PATHS = (
					"$(inherited)",
					"@executable_path/../Frameworks",
					"@loader_path/../Frameworks",
				);
				PRODUCT_BUNDLE_IDENTIFIER = org.mesme.csv2Tests;
				PRODUCT_NAME = "$(TARGET_NAME)";
				SWIFT_VERSION = 5.0;
			};
			name = Debug;
		};
		C48B822D25E28F7E00EAEAE3 /* Release */ = {
			isa = XCBuildConfiguration;
			buildSettings = {
				CODE_SIGN_STYLE = Automatic;
				COMBINE_HIDPI_IMAGES = YES;
				INFOPLIST_FILE = csv2Tests/Info.plist;
				LD_RUNPATH_SEARCH_PATHS = (
					"$(inherited)",
					"@executable_path/../Frameworks",
					"@loader_path/../Frameworks",
				);
				PRODUCT_BUNDLE_IDENTIFIER = org.mesme.csv2Tests;
				PRODUCT_NAME = "$(TARGET_NAME)";
				SWIFT_VERSION = 5.0;
			};
			name = Release;
		};
/* End XCBuildConfiguration section */

/* Begin XCConfigurationList section */
		C40A3AF625DC01180016EB6D /* Build configuration list for PBXProject "csv2" */ = {
			isa = XCConfigurationList;
			buildConfigurations = (
				C40A3B0025DC01180016EB6D /* Debug */,
				C40A3B0125DC01180016EB6D /* Release */,
			);
			defaultConfigurationIsVisible = 0;
			defaultConfigurationName = Release;
		};
		C40A3B0225DC01180016EB6D /* Build configuration list for PBXNativeTarget "csv2" */ = {
			isa = XCConfigurationList;
			buildConfigurations = (
				C40A3B0325DC01180016EB6D /* Debug */,
				C40A3B0425DC01180016EB6D /* Release */,
			);
			defaultConfigurationIsVisible = 0;
			defaultConfigurationName = Release;
		};
		C48B822E25E28F7E00EAEAE3 /* Build configuration list for PBXNativeTarget "csv2Tests" */ = {
			isa = XCConfigurationList;
			buildConfigurations = (
				C48B822C25E28F7E00EAEAE3 /* Debug */,
				C48B822D25E28F7E00EAEAE3 /* Release */,
			);
			defaultConfigurationIsVisible = 0;
			defaultConfigurationName = Release;
		};
/* End XCConfigurationList section */

/* Begin XCRemoteSwiftPackageReference section */
		C499B3322650EAD600581AD0 /* XCRemoteSwiftPackageReference "OptGetter" */ = {
			isa = XCRemoteSwiftPackageReference;
			repositoryURL = "https://github.com/msalmonse/OptGetter.git";
			requirement = {
				kind = upToNextMajorVersion;
				minimumVersion = 0.4.1;
			};
		};
		C4B2F99526296AAE00CC5430 /* XCRemoteSwiftPackageReference "CSVParser" */ = {
			isa = XCRemoteSwiftPackageReference;
			repositoryURL = "https://github.com/msalmonse/CSVParser.git";
			requirement = {
				kind = upToNextMajorVersion;
				minimumVersion = 1.0.0;
			};
		};
/* End XCRemoteSwiftPackageReference section */

/* Begin XCSwiftPackageProductDependency section */
		C4569DB726523C6600D74DBD /* OptGetter */ = {
			isa = XCSwiftPackageProductDependency;
			package = C499B3322650EAD600581AD0 /* XCRemoteSwiftPackageReference "OptGetter" */;
			productName = OptGetter;
		};
		C499B3332650EAD600581AD0 /* OptGetter */ = {
			isa = XCSwiftPackageProductDependency;
			package = C499B3322650EAD600581AD0 /* XCRemoteSwiftPackageReference "OptGetter" */;
			productName = OptGetter;
		};
		C499B3352650EAF500581AD0 /* OptGetter */ = {
			isa = XCSwiftPackageProductDependency;
			package = C499B3322650EAD600581AD0 /* XCRemoteSwiftPackageReference "OptGetter" */;
			productName = OptGetter;
		};
		C4B2F99626296AAE00CC5430 /* CSVParser */ = {
			isa = XCSwiftPackageProductDependency;
			package = C4B2F99526296AAE00CC5430 /* XCRemoteSwiftPackageReference "CSVParser" */;
			productName = CSVParser;
		};
		C4B2F9A026297E9900CC5430 /* CSVParser */ = {
			isa = XCSwiftPackageProductDependency;
			package = C4B2F99526296AAE00CC5430 /* XCRemoteSwiftPackageReference "CSVParser" */;
			productName = CSVParser;
		};
		C4B2F9A726297EDD00CC5430 /* CSVParser */ = {
			isa = XCSwiftPackageProductDependency;
			package = C4B2F99526296AAE00CC5430 /* XCRemoteSwiftPackageReference "CSVParser" */;
			productName = CSVParser;
		};
/* End XCSwiftPackageProductDependency section */
	};
	rootObject = C40A3AF325DC01180016EB6D /* Project object */;
}
