// !$*UTF8*$!
{
	archiveVersion = 1;
	classes = {
	};
	objectVersion = 54;
	objects = {

/* Begin PBXBuildFile section */
		C407EA8625EF98BA009E18E7 /* stderr.swift in Sources */ = {isa = PBXBuildFile; fileRef = C482B9FC25EE8D4D00E51A50 /* stderr.swift */; };
		C40A3AFF25DC01180016EB6D /* main.swift in Sources */ = {isa = PBXBuildFile; fileRef = C40A3AFE25DC01180016EB6D /* main.swift */; };
		C40CD42C25ECD60F003944FA /* SvgAxes.swift in Sources */ = {isa = PBXBuildFile; fileRef = C40CD42B25ECD60F003944FA /* SvgAxes.swift */; };
		C40CD43625ED007A003944FA /* SvgAxes.swift in Sources */ = {isa = PBXBuildFile; fileRef = C40CD42B25ECD60F003944FA /* SvgAxes.swift */; };
		C40CD43A25ED025F003944FA /* SvgHeader.swift in Sources */ = {isa = PBXBuildFile; fileRef = C40CD43925ED025F003944FA /* SvgHeader.swift */; };
		C40CD43D25ED02BE003944FA /* SvgHeader.swift in Sources */ = {isa = PBXBuildFile; fileRef = C40CD43925ED025F003944FA /* SvgHeader.swift */; };
		C40CD44125ED2390003944FA /* SvgPlane.swift in Sources */ = {isa = PBXBuildFile; fileRef = C40CD44025ED2390003944FA /* SvgPlane.swift */; };
		C40CD44225ED2390003944FA /* SvgPlane.swift in Sources */ = {isa = PBXBuildFile; fileRef = C40CD44025ED2390003944FA /* SvgPlane.swift */; };
		C424513E25E980A7005BE7DC /* SvgColumnPlot.swift in Sources */ = {isa = PBXBuildFile; fileRef = C480847B25E4E97300BD0A24 /* SvgColumnPlot.swift */; };
		C4255F3F25E423A7002DFE80 /* SvgPath.swift in Sources */ = {isa = PBXBuildFile; fileRef = C4255F3E25E423A7002DFE80 /* SvgPath.swift */; };
		C4255F4425E428B0002DFE80 /* SvgPath.swift in Sources */ = {isa = PBXBuildFile; fileRef = C4255F3E25E423A7002DFE80 /* SvgPath.swift */; };
		C4255F4725E428B5002DFE80 /* SVG.swift in Sources */ = {isa = PBXBuildFile; fileRef = C46A3A7125DE8B4C00F6783A /* SVG.swift */; };
		C449F44C25EC131E006C67EB /* SvgDefs.swift in Sources */ = {isa = PBXBuildFile; fileRef = C49A7EC225EBBCC700503486 /* SvgDefs.swift */; };
		C449F44F25EC1325006C67EB /* SvgText.swift in Sources */ = {isa = PBXBuildFile; fileRef = C49A7EC825EBCE7300503486 /* SvgText.swift */; };
		C45053C125F0E865003FC346 /* appinfo.swift in Sources */ = {isa = PBXBuildFile; fileRef = C45053C025F0E865003FC346 /* appinfo.swift */; };
		C46A3A7225DE8B4C00F6783A /* SVG.swift in Sources */ = {isa = PBXBuildFile; fileRef = C46A3A7125DE8B4C00F6783A /* SVG.swift */; };
		C480847C25E4E97300BD0A24 /* SvgColumnPlot.swift in Sources */ = {isa = PBXBuildFile; fileRef = C480847B25E4E97300BD0A24 /* SvgColumnPlot.swift */; };
		C480848025E6776900BD0A24 /* SvgSides.swift in Sources */ = {isa = PBXBuildFile; fileRef = C480847F25E6776900BD0A24 /* SvgSides.swift */; };
		C480848325E6809400BD0A24 /* SvgSides.swift in Sources */ = {isa = PBXBuildFile; fileRef = C480847F25E6776900BD0A24 /* SvgSides.swift */; };
		C482B9FD25EE8D4D00E51A50 /* stderr.swift in Sources */ = {isa = PBXBuildFile; fileRef = C482B9FC25EE8D4D00E51A50 /* stderr.swift */; };
		C48B723825F28A5E00B0752E /* appinfo.swift in Sources */ = {isa = PBXBuildFile; fileRef = C45053C025F0E865003FC346 /* appinfo.swift */; };
		C48B822A25E28F7E00EAEAE3 /* csv2svgTests.swift in Sources */ = {isa = PBXBuildFile; fileRef = C48B822925E28F7E00EAEAE3 /* csv2svgTests.swift */; };
		C48B823625E2967100EAEAE3 /* Settings.swift in Sources */ = {isa = PBXBuildFile; fileRef = C49B7D6C25DC03B500CEAB8C /* Settings.swift */; };
		C48B823925E29A5600EAEAE3 /* CSV.swift in Sources */ = {isa = PBXBuildFile; fileRef = C49B7D6F25DC055400CEAB8C /* CSV.swift */; };
		C49A7EC325EBBCC700503486 /* SvgDefs.swift in Sources */ = {isa = PBXBuildFile; fileRef = C49A7EC225EBBCC700503486 /* SvgDefs.swift */; };
		C49A7EC925EBCE7300503486 /* SvgText.swift in Sources */ = {isa = PBXBuildFile; fileRef = C49A7EC825EBCE7300503486 /* SvgText.swift */; };
		C49B7D6D25DC03B500CEAB8C /* Settings.swift in Sources */ = {isa = PBXBuildFile; fileRef = C49B7D6C25DC03B500CEAB8C /* Settings.swift */; };
		C49B7D7025DC055400CEAB8C /* CSV.swift in Sources */ = {isa = PBXBuildFile; fileRef = C49B7D6F25DC055400CEAB8C /* CSV.swift */; };
		C4EA5D1F25EB7B8A00E104E0 /* SvgTransScale.swift in Sources */ = {isa = PBXBuildFile; fileRef = C4EA5D1E25EB7B8A00E104E0 /* SvgTransScale.swift */; };
		C4EA5D2225EB7DFD00E104E0 /* SvgTransScale.swift in Sources */ = {isa = PBXBuildFile; fileRef = C4EA5D1E25EB7B8A00E104E0 /* SvgTransScale.swift */; };
		C4EA5D2825EB8F4D00E104E0 /* SvgColours.swift in Sources */ = {isa = PBXBuildFile; fileRef = C4EA5D2725EB8F4D00E104E0 /* SvgColours.swift */; };
		C4EA5D2B25EB90C900E104E0 /* SvgColours.swift in Sources */ = {isa = PBXBuildFile; fileRef = C4EA5D2725EB8F4D00E104E0 /* SvgColours.swift */; };
/* End PBXBuildFile section */

/* Begin PBXFileReference section */
		C40A3AFB25DC01180016EB6D /* csv2svg */ = {isa = PBXFileReference; explicitFileType = "compiled.mach-o.executable"; includeInIndex = 0; path = csv2svg; sourceTree = BUILT_PRODUCTS_DIR; };
		C40A3AFE25DC01180016EB6D /* main.swift */ = {isa = PBXFileReference; lastKnownFileType = sourcecode.swift; path = main.swift; sourceTree = "<group>"; };
		C40CD42B25ECD60F003944FA /* SvgAxes.swift */ = {isa = PBXFileReference; lastKnownFileType = sourcecode.swift; path = SvgAxes.swift; sourceTree = "<group>"; };
		C40CD43925ED025F003944FA /* SvgHeader.swift */ = {isa = PBXFileReference; lastKnownFileType = sourcecode.swift; path = SvgHeader.swift; sourceTree = "<group>"; };
		C40CD44025ED2390003944FA /* SvgPlane.swift */ = {isa = PBXFileReference; lastKnownFileType = sourcecode.swift; path = SvgPlane.swift; sourceTree = "<group>"; };
		C4255F3E25E423A7002DFE80 /* SvgPath.swift */ = {isa = PBXFileReference; lastKnownFileType = sourcecode.swift; path = SvgPath.swift; sourceTree = "<group>"; };
		C45053C025F0E865003FC346 /* appinfo.swift */ = {isa = PBXFileReference; lastKnownFileType = sourcecode.swift; path = appinfo.swift; sourceTree = "<group>"; };
		C46A3A7125DE8B4C00F6783A /* SVG.swift */ = {isa = PBXFileReference; lastKnownFileType = sourcecode.swift; path = SVG.swift; sourceTree = "<group>"; };
		C480847B25E4E97300BD0A24 /* SvgColumnPlot.swift */ = {isa = PBXFileReference; lastKnownFileType = sourcecode.swift; path = SvgColumnPlot.swift; sourceTree = "<group>"; };
		C480847F25E6776900BD0A24 /* SvgSides.swift */ = {isa = PBXFileReference; lastKnownFileType = sourcecode.swift; path = SvgSides.swift; sourceTree = "<group>"; };
		C482B9FC25EE8D4D00E51A50 /* stderr.swift */ = {isa = PBXFileReference; lastKnownFileType = sourcecode.swift; path = stderr.swift; sourceTree = "<group>"; };
		C48B722A25F212C600B0752E /* runTests.sh */ = {isa = PBXFileReference; lastKnownFileType = text.script.sh; path = runTests.sh; sourceTree = "<group>"; };
		C48B722F25F2171300B0752E /* testlist.txt */ = {isa = PBXFileReference; lastKnownFileType = text; name = testlist.txt; path = testdata/testlist.txt; sourceTree = "<group>"; };
		C48B723025F2172200B0752E /* column.csv */ = {isa = PBXFileReference; lastKnownFileType = text; name = column.csv; path = testdata/column.csv; sourceTree = "<group>"; };
		C48B723225F2197600B0752E /* ticks-index.json */ = {isa = PBXFileReference; lastKnownFileType = text.json; name = "ticks-index.json"; path = "testdata/ticks-index.json"; sourceTree = "<group>"; };
		C48B723525F224EF00B0752E /* makeIndex.sh */ = {isa = PBXFileReference; lastKnownFileType = text.script.sh; path = makeIndex.sh; sourceTree = "<group>"; };
		C48B822725E28F7E00EAEAE3 /* csv2svgTests.xctest */ = {isa = PBXFileReference; explicitFileType = wrapper.cfbundle; includeInIndex = 0; path = csv2svgTests.xctest; sourceTree = BUILT_PRODUCTS_DIR; };
		C48B822925E28F7E00EAEAE3 /* csv2svgTests.swift */ = {isa = PBXFileReference; lastKnownFileType = sourcecode.swift; path = csv2svgTests.swift; sourceTree = "<group>"; };
		C48B822B25E28F7E00EAEAE3 /* Info.plist */ = {isa = PBXFileReference; lastKnownFileType = text.plist.xml; path = Info.plist; sourceTree = "<group>"; };
		C49A7EC225EBBCC700503486 /* SvgDefs.swift */ = {isa = PBXFileReference; lastKnownFileType = sourcecode.swift; path = SvgDefs.swift; sourceTree = "<group>"; };
		C49A7EC825EBCE7300503486 /* SvgText.swift */ = {isa = PBXFileReference; lastKnownFileType = sourcecode.swift; path = SvgText.swift; sourceTree = "<group>"; };
		C49B7D6C25DC03B500CEAB8C /* Settings.swift */ = {isa = PBXFileReference; lastKnownFileType = sourcecode.swift; path = Settings.swift; sourceTree = "<group>"; };
		C49B7D6F25DC055400CEAB8C /* CSV.swift */ = {isa = PBXFileReference; lastKnownFileType = sourcecode.swift; path = CSV.swift; sourceTree = "<group>"; };
		C4EA5D1E25EB7B8A00E104E0 /* SvgTransScale.swift */ = {isa = PBXFileReference; lastKnownFileType = sourcecode.swift; path = SvgTransScale.swift; sourceTree = "<group>"; };
		C4EA5D2725EB8F4D00E104E0 /* SvgColours.swift */ = {isa = PBXFileReference; lastKnownFileType = sourcecode.swift; path = SvgColours.swift; sourceTree = "<group>"; };
/* End PBXFileReference section */

/* Begin PBXFrameworksBuildPhase section */
		C40A3AF825DC01180016EB6D /* Frameworks */ = {
			isa = PBXFrameworksBuildPhase;
			buildActionMask = 2147483647;
			files = (
			);
			runOnlyForDeploymentPostprocessing = 0;
		};
		C48B822425E28F7E00EAEAE3 /* Frameworks */ = {
			isa = PBXFrameworksBuildPhase;
			buildActionMask = 2147483647;
			files = (
			);
			runOnlyForDeploymentPostprocessing = 0;
		};
/* End PBXFrameworksBuildPhase section */

/* Begin PBXGroup section */
		C40A3AF225DC01180016EB6D = {
			isa = PBXGroup;
			children = (
				C48B723525F224EF00B0752E /* makeIndex.sh */,
				C48B722A25F212C600B0752E /* runTests.sh */,
				C45053C025F0E865003FC346 /* appinfo.swift */,
				C40A3AFD25DC01180016EB6D /* csv2svg */,
				C48B822825E28F7E00EAEAE3 /* csv2svgTests */,
				C40A3AFC25DC01180016EB6D /* Products */,
				C48B722D25F215B800B0752E /* testdata */,
			);
			sourceTree = "<group>";
		};
		C40A3AFC25DC01180016EB6D /* Products */ = {
			isa = PBXGroup;
			children = (
				C40A3AFB25DC01180016EB6D /* csv2svg */,
				C48B822725E28F7E00EAEAE3 /* csv2svgTests.xctest */,
			);
			name = Products;
			sourceTree = "<group>";
		};
		C40A3AFD25DC01180016EB6D /* csv2svg */ = {
			isa = PBXGroup;
			children = (
				C49B7D6F25DC055400CEAB8C /* CSV.swift */,
				C40A3AFE25DC01180016EB6D /* main.swift */,
				C482B9FC25EE8D4D00E51A50 /* stderr.swift */,
				C49B7D6C25DC03B500CEAB8C /* Settings.swift */,
				C46A3A7125DE8B4C00F6783A /* SVG.swift */,
				C40CD44025ED2390003944FA /* SvgPlane.swift */,
				C40CD42B25ECD60F003944FA /* SvgAxes.swift */,
				C4EA5D2725EB8F4D00E104E0 /* SvgColours.swift */,
				C480847B25E4E97300BD0A24 /* SvgColumnPlot.swift */,
				C49A7EC225EBBCC700503486 /* SvgDefs.swift */,
				C40CD43925ED025F003944FA /* SvgHeader.swift */,
				C4255F3E25E423A7002DFE80 /* SvgPath.swift */,
				C480847F25E6776900BD0A24 /* SvgSides.swift */,
				C49A7EC825EBCE7300503486 /* SvgText.swift */,
				C4EA5D1E25EB7B8A00E104E0 /* SvgTransScale.swift */,
			);
			path = csv2svg;
			sourceTree = "<group>";
		};
		C48B722D25F215B800B0752E /* testdata */ = {
			isa = PBXGroup;
			children = (
				C48B723225F2197600B0752E /* ticks-index.json */,
				C48B723025F2172200B0752E /* column.csv */,
				C48B722F25F2171300B0752E /* testlist.txt */,
			);
			name = testdata;
			sourceTree = "<group>";
		};
		C48B822825E28F7E00EAEAE3 /* csv2svgTests */ = {
			isa = PBXGroup;
			children = (
				C48B822925E28F7E00EAEAE3 /* csv2svgTests.swift */,
				C48B822B25E28F7E00EAEAE3 /* Info.plist */,
			);
			path = csv2svgTests;
			sourceTree = "<group>";
		};
/* End PBXGroup section */

/* Begin PBXNativeTarget section */
		C40A3AFA25DC01180016EB6D /* csv2svg */ = {
			isa = PBXNativeTarget;
			buildConfigurationList = C40A3B0225DC01180016EB6D /* Build configuration list for PBXNativeTarget "csv2svg" */;
			buildPhases = (
				C45053B125F0C9C4003FC346 /* ShellScript */,
				C40A3AF725DC01180016EB6D /* Sources */,
				C407EA8325EF984D009E18E7 /* ShellScript */,
				C40A3AF825DC01180016EB6D /* Frameworks */,
				C4448A7E25F1258400F23CB1 /* ShellScript */,
			);
			buildRules = (
			);
			dependencies = (
			);
			name = csv2svg;
			productName = csv2svg;
			productReference = C40A3AFB25DC01180016EB6D /* csv2svg */;
			productType = "com.apple.product-type.tool";
		};
		C48B822625E28F7E00EAEAE3 /* csv2svgTests */ = {
			isa = PBXNativeTarget;
			buildConfigurationList = C48B822E25E28F7E00EAEAE3 /* Build configuration list for PBXNativeTarget "csv2svgTests" */;
			buildPhases = (
				C48B822325E28F7E00EAEAE3 /* Sources */,
				C48B822425E28F7E00EAEAE3 /* Frameworks */,
				C48B822525E28F7E00EAEAE3 /* Resources */,
				C407EA7F25EF6CEC009E18E7 /* ShellScript */,
			);
			buildRules = (
			);
			dependencies = (
			);
			name = csv2svgTests;
			productName = csv2svgTests;
			productReference = C48B822725E28F7E00EAEAE3 /* csv2svgTests.xctest */;
			productType = "com.apple.product-type.bundle.unit-test";
		};
/* End PBXNativeTarget section */

/* Begin PBXProject section */
		C40A3AF325DC01180016EB6D /* Project object */ = {
			isa = PBXProject;
			attributes = {
				LastSwiftUpdateCheck = 1240;
				LastUpgradeCheck = 1240;
				TargetAttributes = {
					C40A3AFA25DC01180016EB6D = {
						CreatedOnToolsVersion = 12.4;
					};
					C48B822625E28F7E00EAEAE3 = {
						CreatedOnToolsVersion = 12.4;
					};
				};
			};
			buildConfigurationList = C40A3AF625DC01180016EB6D /* Build configuration list for PBXProject "csv2svg" */;
			compatibilityVersion = "Xcode 9.3";
			developmentRegion = en;
			hasScannedForEncodings = 0;
			knownRegions = (
				en,
				Base,
			);
			mainGroup = C40A3AF225DC01180016EB6D;
			productRefGroup = C40A3AFC25DC01180016EB6D /* Products */;
			projectDirPath = "";
			projectRoot = "";
			targets = (
				C40A3AFA25DC01180016EB6D /* csv2svg */,
				C48B822625E28F7E00EAEAE3 /* csv2svgTests */,
			);
		};
/* End PBXProject section */

/* Begin PBXResourcesBuildPhase section */
		C48B822525E28F7E00EAEAE3 /* Resources */ = {
			isa = PBXResourcesBuildPhase;
			buildActionMask = 2147483647;
			files = (
			);
			runOnlyForDeploymentPostprocessing = 0;
		};
/* End PBXResourcesBuildPhase section */

/* Begin PBXShellScriptBuildPhase section */
		C407EA7F25EF6CEC009E18E7 /* ShellScript */ = {
			isa = PBXShellScriptBuildPhase;
			buildActionMask = 2147483647;
			files = (
			);
			inputFileListPaths = (
			);
			inputPaths = (
			);
			outputFileListPaths = (
			);
			outputPaths = (
			);
			runOnlyForDeploymentPostprocessing = 0;
			shellPath = /bin/sh;
			shellScript = "if which swiftlint >/dev/null\nthen\n  swiftlint\nelse\n  echo \"warning: SwiftLint not installed, download from https://github.com/realm/SwiftLint\"\nfi\n";
		};
		C407EA8325EF984D009E18E7 /* ShellScript */ = {
			isa = PBXShellScriptBuildPhase;
			buildActionMask = 2147483647;
			files = (
			);
			inputFileListPaths = (
			);
			inputPaths = (
			);
			outputFileListPaths = (
			);
			outputPaths = (
			);
			runOnlyForDeploymentPostprocessing = 0;
			shellPath = /bin/sh;
			shellScript = "if which swiftlint >/dev/null\nthen\n  swiftlint\nelse\n  echo \"warning: SwiftLint not installed, download from https://github.com/realm/SwiftLint\"\nfi\n";
		};
		C4448A7E25F1258400F23CB1 /* ShellScript */ = {
			isa = PBXShellScriptBuildPhase;
			alwaysOutOfDate = 1;
			buildActionMask = 2147483647;
			files = (
			);
			inputFileListPaths = (
			);
			inputPaths = (
			);
			outputFileListPaths = (
			);
			outputPaths = (
			);
			runOnlyForDeploymentPostprocessing = 0;
			shellPath = /bin/sh;
			shellScript = "# env | sort\nln -sf \"$BUILT_PRODUCTS_DIR/csv2svg\" test\n";
		};
		C45053B125F0C9C4003FC346 /* ShellScript */ = {
			isa = PBXShellScriptBuildPhase;
			alwaysOutOfDate = 1;
			buildActionMask = 2147483647;
			files = (
			);
			inputFileListPaths = (
			);
			inputPaths = (
			);
			outputFileListPaths = (
			);
			outputPaths = (
			);
			runOnlyForDeploymentPostprocessing = 0;
			shellPath = /bin/bash;
			shellScript = "# env | sort > /tmp/xcode-env\nif [[ -x ${PROJECT_DIR}/autoversion.sh ]]\nthen\n    ${PROJECT_DIR}/autoversion.sh\nelse\n    echo autoversion.sh missing\nfi\n";
		};
/* End PBXShellScriptBuildPhase section */

/* Begin PBXSourcesBuildPhase section */
		C40A3AF725DC01180016EB6D /* Sources */ = {
			isa = PBXSourcesBuildPhase;
			buildActionMask = 2147483647;
			files = (
				C45053C125F0E865003FC346 /* appinfo.swift in Sources */,
				C46A3A7225DE8B4C00F6783A /* SVG.swift in Sources */,
				C480847C25E4E97300BD0A24 /* SvgColumnPlot.swift in Sources */,
				C49B7D6D25DC03B500CEAB8C /* Settings.swift in Sources */,
				C480848025E6776900BD0A24 /* SvgSides.swift in Sources */,
				C49A7EC325EBBCC700503486 /* SvgDefs.swift in Sources */,
				C40CD42C25ECD60F003944FA /* SvgAxes.swift in Sources */,
				C49A7EC925EBCE7300503486 /* SvgText.swift in Sources */,
				C40CD44125ED2390003944FA /* SvgPlane.swift in Sources */,
				C40CD43A25ED025F003944FA /* SvgHeader.swift in Sources */,
				C40A3AFF25DC01180016EB6D /* main.swift in Sources */,
				C49B7D7025DC055400CEAB8C /* CSV.swift in Sources */,
				C4EA5D2825EB8F4D00E104E0 /* SvgColours.swift in Sources */,
				C482B9FD25EE8D4D00E51A50 /* stderr.swift in Sources */,
				C4EA5D1F25EB7B8A00E104E0 /* SvgTransScale.swift in Sources */,
				C4255F3F25E423A7002DFE80 /* SvgPath.swift in Sources */,
			);
			runOnlyForDeploymentPostprocessing = 0;
		};
		C48B822325E28F7E00EAEAE3 /* Sources */ = {
			isa = PBXSourcesBuildPhase;
			buildActionMask = 2147483647;
			files = (
				C48B823625E2967100EAEAE3 /* Settings.swift in Sources */,
				C480848325E6809400BD0A24 /* SvgSides.swift in Sources */,
				C4255F4725E428B5002DFE80 /* SVG.swift in Sources */,
				C424513E25E980A7005BE7DC /* SvgColumnPlot.swift in Sources */,
				C449F44C25EC131E006C67EB /* SvgDefs.swift in Sources */,
				C48B723825F28A5E00B0752E /* appinfo.swift in Sources */,
				C40CD43625ED007A003944FA /* SvgAxes.swift in Sources */,
				C449F44F25EC1325006C67EB /* SvgText.swift in Sources */,
				C40CD44225ED2390003944FA /* SvgPlane.swift in Sources */,
				C40CD43D25ED02BE003944FA /* SvgHeader.swift in Sources */,
				C4255F4425E428B0002DFE80 /* SvgPath.swift in Sources */,
				C48B822A25E28F7E00EAEAE3 /* csv2svgTests.swift in Sources */,
				C4EA5D2B25EB90C900E104E0 /* SvgColours.swift in Sources */,
				C407EA8625EF98BA009E18E7 /* stderr.swift in Sources */,
				C4EA5D2225EB7DFD00E104E0 /* SvgTransScale.swift in Sources */,
				C48B823925E29A5600EAEAE3 /* CSV.swift in Sources */,
			);
			runOnlyForDeploymentPostprocessing = 0;
		};
/* End PBXSourcesBuildPhase section */

/* Begin XCBuildConfiguration section */
		C40A3B0025DC01180016EB6D /* Debug */ = {
			isa = XCBuildConfiguration;
			buildSettings = {
				ALWAYS_SEARCH_USER_PATHS = NO;
				CLANG_ANALYZER_NONNULL = YES;
				CLANG_ANALYZER_NUMBER_OBJECT_CONVERSION = YES_AGGRESSIVE;
				CLANG_CXX_LANGUAGE_STANDARD = "gnu++14";
				CLANG_CXX_LIBRARY = "libc++";
				CLANG_ENABLE_MODULES = YES;
				CLANG_ENABLE_OBJC_ARC = YES;
				CLANG_ENABLE_OBJC_WEAK = YES;
				CLANG_WARN_BLOCK_CAPTURE_AUTORELEASING = YES;
				CLANG_WARN_BOOL_CONVERSION = YES;
				CLANG_WARN_COMMA = YES;
				CLANG_WARN_CONSTANT_CONVERSION = YES;
				CLANG_WARN_DEPRECATED_OBJC_IMPLEMENTATIONS = YES;
				CLANG_WARN_DIRECT_OBJC_ISA_USAGE = YES_ERROR;
				CLANG_WARN_DOCUMENTATION_COMMENTS = YES;
				CLANG_WARN_EMPTY_BODY = YES;
				CLANG_WARN_ENUM_CONVERSION = YES;
				CLANG_WARN_INFINITE_RECURSION = YES;
				CLANG_WARN_INT_CONVERSION = YES;
				CLANG_WARN_NON_LITERAL_NULL_CONVERSION = YES;
				CLANG_WARN_OBJC_IMPLICIT_RETAIN_SELF = YES;
				CLANG_WARN_OBJC_LITERAL_CONVERSION = YES;
				CLANG_WARN_OBJC_ROOT_CLASS = YES_ERROR;
				CLANG_WARN_QUOTED_INCLUDE_IN_FRAMEWORK_HEADER = YES;
				CLANG_WARN_RANGE_LOOP_ANALYSIS = YES;
				CLANG_WARN_STRICT_PROTOTYPES = YES;
				CLANG_WARN_SUSPICIOUS_MOVE = YES;
				CLANG_WARN_UNGUARDED_AVAILABILITY = YES_AGGRESSIVE;
				CLANG_WARN_UNREACHABLE_CODE = YES;
				CLANG_WARN__DUPLICATE_METHOD_MATCH = YES;
				COPY_PHASE_STRIP = NO;
				DEBUG_INFORMATION_FORMAT = dwarf;
				ENABLE_STRICT_OBJC_MSGSEND = YES;
				ENABLE_TESTABILITY = YES;
				GCC_C_LANGUAGE_STANDARD = gnu11;
				GCC_DYNAMIC_NO_PIC = NO;
				GCC_NO_COMMON_BLOCKS = YES;
				GCC_OPTIMIZATION_LEVEL = 0;
				GCC_PREPROCESSOR_DEFINITIONS = (
					"DEBUG=1",
					"$(inherited)",
				);
				GCC_WARN_64_TO_32_BIT_CONVERSION = YES;
				GCC_WARN_ABOUT_RETURN_TYPE = YES_ERROR;
				GCC_WARN_UNDECLARED_SELECTOR = YES;
				GCC_WARN_UNINITIALIZED_AUTOS = YES_AGGRESSIVE;
				GCC_WARN_UNUSED_FUNCTION = YES;
				GCC_WARN_UNUSED_VARIABLE = YES;
				MACOSX_DEPLOYMENT_TARGET = 11.1;
				MTL_ENABLE_DEBUG_INFO = INCLUDE_SOURCE;
				MTL_FAST_MATH = YES;
				ONLY_ACTIVE_ARCH = YES;
				SDKROOT = macosx;
				SWIFT_ACTIVE_COMPILATION_CONDITIONS = DEBUG;
				SWIFT_OPTIMIZATION_LEVEL = "-Onone";
			};
			name = Debug;
		};
		C40A3B0125DC01180016EB6D /* Release */ = {
			isa = XCBuildConfiguration;
			buildSettings = {
				ALWAYS_SEARCH_USER_PATHS = NO;
				CLANG_ANALYZER_NONNULL = YES;
				CLANG_ANALYZER_NUMBER_OBJECT_CONVERSION = YES_AGGRESSIVE;
				CLANG_CXX_LANGUAGE_STANDARD = "gnu++14";
				CLANG_CXX_LIBRARY = "libc++";
				CLANG_ENABLE_MODULES = YES;
				CLANG_ENABLE_OBJC_ARC = YES;
				CLANG_ENABLE_OBJC_WEAK = YES;
				CLANG_WARN_BLOCK_CAPTURE_AUTORELEASING = YES;
				CLANG_WARN_BOOL_CONVERSION = YES;
				CLANG_WARN_COMMA = YES;
				CLANG_WARN_CONSTANT_CONVERSION = YES;
				CLANG_WARN_DEPRECATED_OBJC_IMPLEMENTATIONS = YES;
				CLANG_WARN_DIRECT_OBJC_ISA_USAGE = YES_ERROR;
				CLANG_WARN_DOCUMENTATION_COMMENTS = YES;
				CLANG_WARN_EMPTY_BODY = YES;
				CLANG_WARN_ENUM_CONVERSION = YES;
				CLANG_WARN_INFINITE_RECURSION = YES;
				CLANG_WARN_INT_CONVERSION = YES;
				CLANG_WARN_NON_LITERAL_NULL_CONVERSION = YES;
				CLANG_WARN_OBJC_IMPLICIT_RETAIN_SELF = YES;
				CLANG_WARN_OBJC_LITERAL_CONVERSION = YES;
				CLANG_WARN_OBJC_ROOT_CLASS = YES_ERROR;
				CLANG_WARN_QUOTED_INCLUDE_IN_FRAMEWORK_HEADER = YES;
				CLANG_WARN_RANGE_LOOP_ANALYSIS = YES;
				CLANG_WARN_STRICT_PROTOTYPES = YES;
				CLANG_WARN_SUSPICIOUS_MOVE = YES;
				CLANG_WARN_UNGUARDED_AVAILABILITY = YES_AGGRESSIVE;
				CLANG_WARN_UNREACHABLE_CODE = YES;
				CLANG_WARN__DUPLICATE_METHOD_MATCH = YES;
				COPY_PHASE_STRIP = NO;
				DEBUG_INFORMATION_FORMAT = "dwarf-with-dsym";
				ENABLE_NS_ASSERTIONS = NO;
				ENABLE_STRICT_OBJC_MSGSEND = YES;
				GCC_C_LANGUAGE_STANDARD = gnu11;
				GCC_NO_COMMON_BLOCKS = YES;
				GCC_WARN_64_TO_32_BIT_CONVERSION = YES;
				GCC_WARN_ABOUT_RETURN_TYPE = YES_ERROR;
				GCC_WARN_UNDECLARED_SELECTOR = YES;
				GCC_WARN_UNINITIALIZED_AUTOS = YES_AGGRESSIVE;
				GCC_WARN_UNUSED_FUNCTION = YES;
				GCC_WARN_UNUSED_VARIABLE = YES;
				MACOSX_DEPLOYMENT_TARGET = 11.1;
				MTL_ENABLE_DEBUG_INFO = NO;
				MTL_FAST_MATH = YES;
				SDKROOT = macosx;
				SWIFT_COMPILATION_MODE = wholemodule;
				SWIFT_OPTIMIZATION_LEVEL = "-O";
			};
			name = Release;
		};
		C40A3B0325DC01180016EB6D /* Debug */ = {
			isa = XCBuildConfiguration;
			buildSettings = {
				CODE_SIGN_STYLE = Automatic;
				PRODUCT_NAME = "$(TARGET_NAME)";
				SWIFT_VERSION = 5.0;
			};
			name = Debug;
		};
		C40A3B0425DC01180016EB6D /* Release */ = {
			isa = XCBuildConfiguration;
			buildSettings = {
				CODE_SIGN_STYLE = Automatic;
				PRODUCT_NAME = "$(TARGET_NAME)";
				SWIFT_VERSION = 5.0;
			};
			name = Release;
		};
		C48B822C25E28F7E00EAEAE3 /* Debug */ = {
			isa = XCBuildConfiguration;
			buildSettings = {
				CODE_SIGN_STYLE = Automatic;
				COMBINE_HIDPI_IMAGES = YES;
				INFOPLIST_FILE = csv2svgTests/Info.plist;
				LD_RUNPATH_SEARCH_PATHS = (
					"$(inherited)",
					"@executable_path/../Frameworks",
					"@loader_path/../Frameworks",
				);
				PRODUCT_BUNDLE_IDENTIFIER = org.mesme.csv2svgTests;
				PRODUCT_NAME = "$(TARGET_NAME)";
				SWIFT_VERSION = 5.0;
			};
			name = Debug;
		};
		C48B822D25E28F7E00EAEAE3 /* Release */ = {
			isa = XCBuildConfiguration;
			buildSettings = {
				CODE_SIGN_STYLE = Automatic;
				COMBINE_HIDPI_IMAGES = YES;
				INFOPLIST_FILE = csv2svgTests/Info.plist;
				LD_RUNPATH_SEARCH_PATHS = (
					"$(inherited)",
					"@executable_path/../Frameworks",
					"@loader_path/../Frameworks",
				);
				PRODUCT_BUNDLE_IDENTIFIER = org.mesme.csv2svgTests;
				PRODUCT_NAME = "$(TARGET_NAME)";
				SWIFT_VERSION = 5.0;
			};
			name = Release;
		};
/* End XCBuildConfiguration section */

/* Begin XCConfigurationList section */
		C40A3AF625DC01180016EB6D /* Build configuration list for PBXProject "csv2svg" */ = {
			isa = XCConfigurationList;
			buildConfigurations = (
				C40A3B0025DC01180016EB6D /* Debug */,
				C40A3B0125DC01180016EB6D /* Release */,
			);
			defaultConfigurationIsVisible = 0;
			defaultConfigurationName = Release;
		};
		C40A3B0225DC01180016EB6D /* Build configuration list for PBXNativeTarget "csv2svg" */ = {
			isa = XCConfigurationList;
			buildConfigurations = (
				C40A3B0325DC01180016EB6D /* Debug */,
				C40A3B0425DC01180016EB6D /* Release */,
			);
			defaultConfigurationIsVisible = 0;
			defaultConfigurationName = Release;
		};
		C48B822E25E28F7E00EAEAE3 /* Build configuration list for PBXNativeTarget "csv2svgTests" */ = {
			isa = XCConfigurationList;
			buildConfigurations = (
				C48B822C25E28F7E00EAEAE3 /* Debug */,
				C48B822D25E28F7E00EAEAE3 /* Release */,
			);
			defaultConfigurationIsVisible = 0;
			defaultConfigurationName = Release;
		};
/* End XCConfigurationList section */
	};
	rootObject = C40A3AF325DC01180016EB6D /* Project object */;
}
